// !$*UTF8*$!
{
	archiveVersion = 1;
	classes = {
	};
	objectVersion = 50;
	objects = {

/* Begin PBXBuildFile section */
		110522F121E37B5B001927B4 /* day4.txt in Resources */ = {isa = PBXBuildFile; fileRef = 110522F021E37B27001927B4 /* day4.txt */; };
		110522F221E37B5D001927B4 /* Day4Tests.swift in Sources */ = {isa = PBXBuildFile; fileRef = 110522EF21E37B27001927B4 /* Day4Tests.swift */; };
		110522F321E37B60001927B4 /* Day4.swift in Sources */ = {isa = PBXBuildFile; fileRef = 11E6BA2321B7003200AEDA36 /* Day4.swift */; };
		110522F421E37B72001927B4 /* Schedule.swift in Sources */ = {isa = PBXBuildFile; fileRef = 11B9E3CA21DD61C0002309AA /* Schedule.swift */; };
		110522F521E37B75001927B4 /* GuardRecord.swift in Sources */ = {isa = PBXBuildFile; fileRef = 11B9E3C821DD61B0002309AA /* GuardRecord.swift */; };
		110522F621E37B78001927B4 /* DateFormatter+DateFormat.swift in Sources */ = {isa = PBXBuildFile; fileRef = 11B9E3C521DD4CDF002309AA /* DateFormatter+DateFormat.swift */; };
		110522FA21E37C90001927B4 /* Day5Tests.swift in Sources */ = {isa = PBXBuildFile; fileRef = 110522F921E37C67001927B4 /* Day5Tests.swift */; };
		110522FB21E37C92001927B4 /* day5.txt in Resources */ = {isa = PBXBuildFile; fileRef = 110522F821E37C67001927B4 /* day5.txt */; };
		110522FC21E37C96001927B4 /* Day5.swift in Sources */ = {isa = PBXBuildFile; fileRef = 78CD3BDC21B7B4AF000A7669 /* Day5.swift */; };
		1105230621E3867F001927B4 /* Day6.swift in Sources */ = {isa = PBXBuildFile; fileRef = 11E6BA5D21BBDF6C00AEDA36 /* Day6.swift */; };
		1105230721E38685001927B4 /* Day6Tests.swift in Sources */ = {isa = PBXBuildFile; fileRef = 1105230521E3865F001927B4 /* Day6Tests.swift */; };
		1105230821E38687001927B4 /* day6.txt in Resources */ = {isa = PBXBuildFile; fileRef = 1105230421E3865F001927B4 /* day6.txt */; };
		1105230D21E38D5A001927B4 /* Day7.swift in Sources */ = {isa = PBXBuildFile; fileRef = 11E6BAA921BDA43A00AEDA36 /* Day7.swift */; };
		1105230E21E38D5F001927B4 /* day7.txt in Resources */ = {isa = PBXBuildFile; fileRef = 1105230B21E38D43001927B4 /* day7.txt */; };
		1105230F21E38D87001927B4 /* Day7Tests.swift in Sources */ = {isa = PBXBuildFile; fileRef = 1105230C21E38D43001927B4 /* Day7Tests.swift */; };
		1105231321E39016001927B4 /* Day8Tests.swift in Sources */ = {isa = PBXBuildFile; fileRef = 1105231221E38FDF001927B4 /* Day8Tests.swift */; };
		1105231421E39019001927B4 /* day8.txt in Resources */ = {isa = PBXBuildFile; fileRef = 1105231121E38FDF001927B4 /* day8.txt */; };
		1105231521E3901E001927B4 /* Day8.swift in Sources */ = {isa = PBXBuildFile; fileRef = 11E6BA3C21BB9A5E00AEDA36 /* Day8.swift */; };
		1105231621E3908E001927B4 /* Frog+ReadNumbers.swift in Sources */ = {isa = PBXBuildFile; fileRef = 11E6BA2621BB93BB00AEDA36 /* Frog+ReadNumbers.swift */; };
		1105231721E390B9001927B4 /* Day9.swift in Sources */ = {isa = PBXBuildFile; fileRef = 11E6BA8821BCD6CE00AEDA36 /* Day9.swift */; };
		1105231E21E3928B001927B4 /* Day9Tests.swift in Sources */ = {isa = PBXBuildFile; fileRef = 1105231D21E3923F001927B4 /* Day9Tests.swift */; };
		1105231F21E3928E001927B4 /* day9.txt in Resources */ = {isa = PBXBuildFile; fileRef = 1105231C21E3923F001927B4 /* day9.txt */; };
		1105232321E39593001927B4 /* Day10Tests.swift in Sources */ = {isa = PBXBuildFile; fileRef = 1105232121E394D3001927B4 /* Day10Tests.swift */; };
		1105232421E39596001927B4 /* day10.txt in Resources */ = {isa = PBXBuildFile; fileRef = 1105232221E394D3001927B4 /* day10.txt */; };
		1105232521E395C1001927B4 /* Day10.swift in Sources */ = {isa = PBXBuildFile; fileRef = 11E6BABE21BEE18D00AEDA36 /* Day10.swift */; };
		1105232921E3A54C001927B4 /* Day11.swift in Sources */ = {isa = PBXBuildFile; fileRef = 11333C8421C0264A00192AC0 /* Day11.swift */; };
		1105232A21E3A551001927B4 /* Day11Tests.swift in Sources */ = {isa = PBXBuildFile; fileRef = 1105232721E3A4FD001927B4 /* Day11Tests.swift */; };
		1105232B21E3A553001927B4 /* day11.txt in Resources */ = {isa = PBXBuildFile; fileRef = 1105232821E3A4FD001927B4 /* day11.txt */; };
		1105232F21E3A720001927B4 /* Day12.swift in Sources */ = {isa = PBXBuildFile; fileRef = 114DDFFF21C162F30032469A /* Day12.swift */; };
		1105233021E3A724001927B4 /* Day12Tests.swift in Sources */ = {isa = PBXBuildFile; fileRef = 1105232D21E3A6E5001927B4 /* Day12Tests.swift */; };
		1105233121E3A726001927B4 /* day12.txt in Resources */ = {isa = PBXBuildFile; fileRef = 1105232E21E3A6E5001927B4 /* day12.txt */; };
		1105233521E3AAA7001927B4 /* Day13Tests.swift in Sources */ = {isa = PBXBuildFile; fileRef = 1105233421E3AA7D001927B4 /* Day13Tests.swift */; };
		1105233621E3AAAA001927B4 /* day13.txt in Resources */ = {isa = PBXBuildFile; fileRef = 1105233321E3AA7C001927B4 /* day13.txt */; };
		1105233721E3AAC0001927B4 /* Day13.swift in Sources */ = {isa = PBXBuildFile; fileRef = 11665AD521C2D9CD005C162B /* Day13.swift */; };
		1105233B21E3BD50001927B4 /* Day14.swift in Sources */ = {isa = PBXBuildFile; fileRef = 11D1CB7C21C58F41003E0133 /* Day14.swift */; };
		1105233C21E3BD72001927B4 /* Day14Tests.swift in Sources */ = {isa = PBXBuildFile; fileRef = 1105233A21E3BCEB001927B4 /* Day14Tests.swift */; };
		1105233D21E3BD75001927B4 /* day14.txt in Resources */ = {isa = PBXBuildFile; fileRef = 1105233921E3BCEB001927B4 /* day14.txt */; };
		1105235F21E3BE6E001927B4 /* day20.txt in Resources */ = {isa = PBXBuildFile; fileRef = 1105233F21E3BE6C001927B4 /* day20.txt */; };
		1105236121E3BE6E001927B4 /* day16.txt in Resources */ = {isa = PBXBuildFile; fileRef = 1105234221E3BE6D001927B4 /* day16.txt */; };
		1105236421E3BE6E001927B4 /* day19.txt in Resources */ = {isa = PBXBuildFile; fileRef = 1105234621E3BE6D001927B4 /* day19.txt */; };
		1105236521E3BE6E001927B4 /* day25.txt in Resources */ = {isa = PBXBuildFile; fileRef = 1105234821E3BE6D001927B4 /* day25.txt */; };
		1105236821E3BE6E001927B4 /* day23.txt in Resources */ = {isa = PBXBuildFile; fileRef = 1105234C21E3BE6D001927B4 /* day23.txt */; };
		1105236A21E3BE6E001927B4 /* day22.txt in Resources */ = {isa = PBXBuildFile; fileRef = 1105234F21E3BE6D001927B4 /* day22.txt */; };
		1105236B21E3BE6E001927B4 /* day17.txt in Resources */ = {isa = PBXBuildFile; fileRef = 1105235121E3BE6D001927B4 /* day17.txt */; };
		1105237021E3BE6E001927B4 /* day24.txt in Resources */ = {isa = PBXBuildFile; fileRef = 1105235821E3BE6D001927B4 /* day24.txt */; };
		1105237221E3BE6E001927B4 /* day18.txt in Resources */ = {isa = PBXBuildFile; fileRef = 1105235B21E3BE6E001927B4 /* day18.txt */; };
		1105237421E3BE6E001927B4 /* day21.txt in Resources */ = {isa = PBXBuildFile; fileRef = 1105235E21E3BE6E001927B4 /* day21.txt */; };
		1105237621E3BFD7001927B4 /* Unit.swift in Sources */ = {isa = PBXBuildFile; fileRef = 11FF16D221C533970039F2B2 /* Unit.swift */; };
		1105237721E3C0E2001927B4 /* Day15.swift in Sources */ = {isa = PBXBuildFile; fileRef = 11FF16BE21C4CE740039F2B2 /* Day15.swift */; };
		1105237821E3C10F001927B4 /* Day15Tests.swift in Sources */ = {isa = PBXBuildFile; fileRef = 1105235521E3BE6D001927B4 /* Day15Tests.swift */; };
		1105237E21E3C3A3001927B4 /* day15.txt in Resources */ = {isa = PBXBuildFile; fileRef = 1105235421E3BE6D001927B4 /* day15.txt */; };
		1105237F21E3D31B001927B4 /* Day16.swift in Sources */ = {isa = PBXBuildFile; fileRef = 11F1091721C63B460029EC0F /* Day16.swift */; };
		1105238021E3D33B001927B4 /* Sample.swift in Sources */ = {isa = PBXBuildFile; fileRef = 119764E221C6E07700FFB036 /* Sample.swift */; };
		1105238121E3D340001927B4 /* String+Ints.swift in Sources */ = {isa = PBXBuildFile; fileRef = 119764E421C6E09B00FFB036 /* String+Ints.swift */; };
		1105238221E3D349001927B4 /* Instruction.swift in Sources */ = {isa = PBXBuildFile; fileRef = 119764E021C6E06900FFB036 /* Instruction.swift */; };
		1105238321E3D34D001927B4 /* Operation.swift in Sources */ = {isa = PBXBuildFile; fileRef = 119764E621C6E0C800FFB036 /* Operation.swift */; };
		1105238421E3D353001927B4 /* Array+GetThrows.swift in Sources */ = {isa = PBXBuildFile; fileRef = 119764E821C6E0E700FFB036 /* Array+GetThrows.swift */; };
		1105238821E3D42F001927B4 /* Day16Tests.swift in Sources */ = {isa = PBXBuildFile; fileRef = 1105234321E3BE6D001927B4 /* Day16Tests.swift */; };
		1105238921E3D4E2001927B4 /* Day17Tests.swift in Sources */ = {isa = PBXBuildFile; fileRef = 1105235221E3BE6D001927B4 /* Day17Tests.swift */; };
		1105238A21E3D6C3001927B4 /* Day17.swift in Sources */ = {isa = PBXBuildFile; fileRef = 119CA98821C804BB007C291B /* Day17.swift */; };
		1105238B21E3D891001927B4 /* Day18.swift in Sources */ = {isa = PBXBuildFile; fileRef = 1171658F21C95775008D1D00 /* Day18.swift */; };
		1105238C21E3D92D001927B4 /* Day18Tests.swift in Sources */ = {isa = PBXBuildFile; fileRef = 1105235A21E3BE6E001927B4 /* Day18Tests.swift */; };
		1105238D21E3DA10001927B4 /* Day19.swift in Sources */ = {isa = PBXBuildFile; fileRef = 118EF51A21CAA8FB00F40836 /* Day19.swift */; };
		1105238E21E3DB5F001927B4 /* Day19Tests.swift in Sources */ = {isa = PBXBuildFile; fileRef = 1105234521E3BE6D001927B4 /* Day19Tests.swift */; };
		1105238F21E3DCDD001927B4 /* Day20.swift in Sources */ = {isa = PBXBuildFile; fileRef = 11A4AA3021D0280300FE91E7 /* Day20.swift */; };
		1105239021E3DE27001927B4 /* Day20Tests.swift in Sources */ = {isa = PBXBuildFile; fileRef = 1105234021E3BE6C001927B4 /* Day20Tests.swift */; };
		1105239121E3E510001927B4 /* Day21.swift in Sources */ = {isa = PBXBuildFile; fileRef = 1122340521CFF155008082E1 /* Day21.swift */; };
		1105239221E3E643001927B4 /* Day21Tests.swift in Sources */ = {isa = PBXBuildFile; fileRef = 1105235D21E3BE6E001927B4 /* Day21Tests.swift */; };
		1105239321E3E83E001927B4 /* Day22.swift in Sources */ = {isa = PBXBuildFile; fileRef = 112233D721CE2C4E008082E1 /* Day22.swift */; };
		1105239421E3E85A001927B4 /* Day22Tests.swift in Sources */ = {isa = PBXBuildFile; fileRef = 1105234E21E3BE6D001927B4 /* Day22Tests.swift */; };
		1105239521E3EB2E001927B4 /* Day23.swift in Sources */ = {isa = PBXBuildFile; fileRef = 112233F021CF6182008082E1 /* Day23.swift */; };
		1105239621E3EB3D001927B4 /* Day23Tests.swift in Sources */ = {isa = PBXBuildFile; fileRef = 1105234B21E3BE6D001927B4 /* Day23Tests.swift */; };
		1105239721E3EC79001927B4 /* Day24Tests.swift in Sources */ = {isa = PBXBuildFile; fileRef = 1105235721E3BE6D001927B4 /* Day24Tests.swift */; };
		1105239821E3EC7D001927B4 /* Day24.swift in Sources */ = {isa = PBXBuildFile; fileRef = 116C306821D553FE00922DBC /* Day24.swift */; };
		1105239921E3EC80001927B4 /* Group+Utils.swift in Sources */ = {isa = PBXBuildFile; fileRef = 116C308821D6A5B300922DBC /* Group+Utils.swift */; };
		1105239A21E3EC84001927B4 /* Group.swift in Sources */ = {isa = PBXBuildFile; fileRef = 116C308221D6A50300922DBC /* Group.swift */; };
		1105239B21E3EDE3001927B4 /* Day25Tests.swift in Sources */ = {isa = PBXBuildFile; fileRef = 1105234921E3BE6D001927B4 /* Day25Tests.swift */; };
		1105239C21E3EE0E001927B4 /* Day25.swift in Sources */ = {isa = PBXBuildFile; fileRef = 116C307F21D695B700922DBC /* Day25.swift */; };
		111373FB21E292110099DE59 /* Day1.swift in Sources */ = {isa = PBXBuildFile; fileRef = 118C7F1021B3E7A100DE8DF4 /* Day1.swift */; };
		1113744521E2A60A0099DE59 /* Day2Tests.swift in Sources */ = {isa = PBXBuildFile; fileRef = 1113740C21E29C8C0099DE59 /* Day2Tests.swift */; };
		1113744621E2A60F0099DE59 /* day2.txt in Resources */ = {isa = PBXBuildFile; fileRef = 1113740121E298650099DE59 /* day2.txt */; };
		1113744721E2A6120099DE59 /* Day1Tests.swift in Sources */ = {isa = PBXBuildFile; fileRef = 111373F421E28FBD0099DE59 /* Day1Tests.swift */; };
		1113744821E2A61C0099DE59 /* Day2.swift in Sources */ = {isa = PBXBuildFile; fileRef = 118C7F1321B3E7C000DE8DF4 /* Day2.swift */; };
		1113744D21E2B82E0099DE59 /* day1.txt in Resources */ = {isa = PBXBuildFile; fileRef = 1113744C21E2B82D0099DE59 /* day1.txt */; };
		1123E06521E36321004D32F8 /* Bundle+Current.swift in Sources */ = {isa = PBXBuildFile; fileRef = 1123E06421E36321004D32F8 /* Bundle+Current.swift */; };
		1123E06B21E372AF004D32F8 /* TestSolution+Init.swift in Sources */ = {isa = PBXBuildFile; fileRef = 1123E06A21E372AF004D32F8 /* TestSolution+Init.swift */; };
		1123E06F21E376F4004D32F8 /* Day3.swift in Sources */ = {isa = PBXBuildFile; fileRef = 78CD3BA121B4FE34000A7669 /* Day3.swift */; };
		1123E07021E37704004D32F8 /* Day3Tests.swift in Sources */ = {isa = PBXBuildFile; fileRef = 1123E06E21E376B5004D32F8 /* Day3Tests.swift */; };
		1123E07A21E378F2004D32F8 /* day3.txt in Resources */ = {isa = PBXBuildFile; fileRef = 1123E06D21E376B5004D32F8 /* day3.txt */; };
		8CD9B0E366AFC13CA1DE5E4A /* libPods-Tests.a in Frameworks */ = {isa = PBXBuildFile; fileRef = 459CA77D0C724C445A68FC2C /* libPods-Tests.a */; };
/* End PBXBuildFile section */

/* Begin PBXFileReference section */
		00329033F91A54ACD05D911C /* libPods-Day25.a */ = {isa = PBXFileReference; explicitFileType = archive.ar; includeInIndex = 0; path = "libPods-Day25.a"; sourceTree = BUILT_PRODUCTS_DIR; };
		00E52431251ACA2FC1606B3D /* libPods-Day3.a */ = {isa = PBXFileReference; explicitFileType = archive.ar; includeInIndex = 0; path = "libPods-Day3.a"; sourceTree = BUILT_PRODUCTS_DIR; };
		01A445E20487B43A7CEC1E43 /* libPods-Day10.a */ = {isa = PBXFileReference; explicitFileType = archive.ar; includeInIndex = 0; path = "libPods-Day10.a"; sourceTree = BUILT_PRODUCTS_DIR; };
		04CB5A083A44BD947CA984F7 /* Pods-Day6.release.xcconfig */ = {isa = PBXFileReference; includeInIndex = 1; lastKnownFileType = text.xcconfig; name = "Pods-Day6.release.xcconfig"; path = "Target Support Files/Pods-Day6/Pods-Day6.release.xcconfig"; sourceTree = "<group>"; };
		064760872CFAD17BEB9B5F91 /* Pods-Day19.debug.xcconfig */ = {isa = PBXFileReference; includeInIndex = 1; lastKnownFileType = text.xcconfig; name = "Pods-Day19.debug.xcconfig"; path = "Target Support Files/Pods-Day19/Pods-Day19.debug.xcconfig"; sourceTree = "<group>"; };
		06BC8AF351031FC85CFB0EB6 /* Pods-Day1.debug.xcconfig */ = {isa = PBXFileReference; includeInIndex = 1; lastKnownFileType = text.xcconfig; name = "Pods-Day1.debug.xcconfig"; path = "Target Support Files/Pods-Day1/Pods-Day1.debug.xcconfig"; sourceTree = "<group>"; };
		09961B79A780BFE483A646BF /* Pods-Day14.debug.xcconfig */ = {isa = PBXFileReference; includeInIndex = 1; lastKnownFileType = text.xcconfig; name = "Pods-Day14.debug.xcconfig"; path = "Target Support Files/Pods-Day14/Pods-Day14.debug.xcconfig"; sourceTree = "<group>"; };
		0C79C58A104F911F3A1E368D /* libPods-Day13.a */ = {isa = PBXFileReference; explicitFileType = archive.ar; includeInIndex = 0; path = "libPods-Day13.a"; sourceTree = BUILT_PRODUCTS_DIR; };
		110522EF21E37B27001927B4 /* Day4Tests.swift */ = {isa = PBXFileReference; lastKnownFileType = sourcecode.swift; path = Day4Tests.swift; sourceTree = "<group>"; };
		110522F021E37B27001927B4 /* day4.txt */ = {isa = PBXFileReference; lastKnownFileType = text; path = day4.txt; sourceTree = "<group>"; };
		110522F821E37C67001927B4 /* day5.txt */ = {isa = PBXFileReference; lastKnownFileType = text; path = day5.txt; sourceTree = "<group>"; };
		110522F921E37C67001927B4 /* Day5Tests.swift */ = {isa = PBXFileReference; lastKnownFileType = sourcecode.swift; path = Day5Tests.swift; sourceTree = "<group>"; };
		1105230421E3865F001927B4 /* day6.txt */ = {isa = PBXFileReference; lastKnownFileType = text; path = day6.txt; sourceTree = "<group>"; };
		1105230521E3865F001927B4 /* Day6Tests.swift */ = {isa = PBXFileReference; lastKnownFileType = sourcecode.swift; path = Day6Tests.swift; sourceTree = "<group>"; };
		1105230B21E38D43001927B4 /* day7.txt */ = {isa = PBXFileReference; lastKnownFileType = text; path = day7.txt; sourceTree = "<group>"; };
		1105230C21E38D43001927B4 /* Day7Tests.swift */ = {isa = PBXFileReference; lastKnownFileType = sourcecode.swift; path = Day7Tests.swift; sourceTree = "<group>"; };
		1105231121E38FDF001927B4 /* day8.txt */ = {isa = PBXFileReference; lastKnownFileType = text; path = day8.txt; sourceTree = "<group>"; };
		1105231221E38FDF001927B4 /* Day8Tests.swift */ = {isa = PBXFileReference; lastKnownFileType = sourcecode.swift; path = Day8Tests.swift; sourceTree = "<group>"; };
		1105231C21E3923F001927B4 /* day9.txt */ = {isa = PBXFileReference; lastKnownFileType = text; path = day9.txt; sourceTree = "<group>"; };
		1105231D21E3923F001927B4 /* Day9Tests.swift */ = {isa = PBXFileReference; lastKnownFileType = sourcecode.swift; path = Day9Tests.swift; sourceTree = "<group>"; };
		1105232121E394D3001927B4 /* Day10Tests.swift */ = {isa = PBXFileReference; lastKnownFileType = sourcecode.swift; path = Day10Tests.swift; sourceTree = "<group>"; };
		1105232221E394D3001927B4 /* day10.txt */ = {isa = PBXFileReference; lastKnownFileType = text; path = day10.txt; sourceTree = "<group>"; };
		1105232721E3A4FD001927B4 /* Day11Tests.swift */ = {isa = PBXFileReference; lastKnownFileType = sourcecode.swift; path = Day11Tests.swift; sourceTree = "<group>"; };
		1105232821E3A4FD001927B4 /* day11.txt */ = {isa = PBXFileReference; lastKnownFileType = text; path = day11.txt; sourceTree = "<group>"; };
		1105232D21E3A6E5001927B4 /* Day12Tests.swift */ = {isa = PBXFileReference; lastKnownFileType = sourcecode.swift; path = Day12Tests.swift; sourceTree = "<group>"; };
		1105232E21E3A6E5001927B4 /* day12.txt */ = {isa = PBXFileReference; lastKnownFileType = text; path = day12.txt; sourceTree = "<group>"; };
		1105233321E3AA7C001927B4 /* day13.txt */ = {isa = PBXFileReference; lastKnownFileType = text; path = day13.txt; sourceTree = "<group>"; };
		1105233421E3AA7D001927B4 /* Day13Tests.swift */ = {isa = PBXFileReference; lastKnownFileType = sourcecode.swift; path = Day13Tests.swift; sourceTree = "<group>"; };
		1105233921E3BCEB001927B4 /* day14.txt */ = {isa = PBXFileReference; lastKnownFileType = text; path = day14.txt; sourceTree = "<group>"; };
		1105233A21E3BCEB001927B4 /* Day14Tests.swift */ = {isa = PBXFileReference; lastKnownFileType = sourcecode.swift; path = Day14Tests.swift; sourceTree = "<group>"; };
		1105233F21E3BE6C001927B4 /* day20.txt */ = {isa = PBXFileReference; fileEncoding = 4; lastKnownFileType = text; path = day20.txt; sourceTree = "<group>"; };
		1105234021E3BE6C001927B4 /* Day20Tests.swift */ = {isa = PBXFileReference; fileEncoding = 4; lastKnownFileType = sourcecode.swift; path = Day20Tests.swift; sourceTree = "<group>"; };
		1105234221E3BE6D001927B4 /* day16.txt */ = {isa = PBXFileReference; fileEncoding = 4; lastKnownFileType = text; path = day16.txt; sourceTree = "<group>"; };
		1105234321E3BE6D001927B4 /* Day16Tests.swift */ = {isa = PBXFileReference; fileEncoding = 4; lastKnownFileType = sourcecode.swift; path = Day16Tests.swift; sourceTree = "<group>"; };
		1105234521E3BE6D001927B4 /* Day19Tests.swift */ = {isa = PBXFileReference; fileEncoding = 4; lastKnownFileType = sourcecode.swift; path = Day19Tests.swift; sourceTree = "<group>"; };
		1105234621E3BE6D001927B4 /* day19.txt */ = {isa = PBXFileReference; fileEncoding = 4; lastKnownFileType = text; path = day19.txt; sourceTree = "<group>"; };
		1105234821E3BE6D001927B4 /* day25.txt */ = {isa = PBXFileReference; fileEncoding = 4; lastKnownFileType = text; path = day25.txt; sourceTree = "<group>"; };
		1105234921E3BE6D001927B4 /* Day25Tests.swift */ = {isa = PBXFileReference; fileEncoding = 4; lastKnownFileType = sourcecode.swift; path = Day25Tests.swift; sourceTree = "<group>"; };
		1105234B21E3BE6D001927B4 /* Day23Tests.swift */ = {isa = PBXFileReference; fileEncoding = 4; lastKnownFileType = sourcecode.swift; path = Day23Tests.swift; sourceTree = "<group>"; };
		1105234C21E3BE6D001927B4 /* day23.txt */ = {isa = PBXFileReference; fileEncoding = 4; lastKnownFileType = text; path = day23.txt; sourceTree = "<group>"; };
		1105234E21E3BE6D001927B4 /* Day22Tests.swift */ = {isa = PBXFileReference; fileEncoding = 4; lastKnownFileType = sourcecode.swift; path = Day22Tests.swift; sourceTree = "<group>"; };
		1105234F21E3BE6D001927B4 /* day22.txt */ = {isa = PBXFileReference; fileEncoding = 4; lastKnownFileType = text; path = day22.txt; sourceTree = "<group>"; };
		1105235121E3BE6D001927B4 /* day17.txt */ = {isa = PBXFileReference; fileEncoding = 4; lastKnownFileType = text; path = day17.txt; sourceTree = "<group>"; };
		1105235221E3BE6D001927B4 /* Day17Tests.swift */ = {isa = PBXFileReference; fileEncoding = 4; lastKnownFileType = sourcecode.swift; path = Day17Tests.swift; sourceTree = "<group>"; };
		1105235421E3BE6D001927B4 /* day15.txt */ = {isa = PBXFileReference; fileEncoding = 4; lastKnownFileType = text; path = day15.txt; sourceTree = "<group>"; };
		1105235521E3BE6D001927B4 /* Day15Tests.swift */ = {isa = PBXFileReference; fileEncoding = 4; lastKnownFileType = sourcecode.swift; path = Day15Tests.swift; sourceTree = "<group>"; };
		1105235721E3BE6D001927B4 /* Day24Tests.swift */ = {isa = PBXFileReference; fileEncoding = 4; lastKnownFileType = sourcecode.swift; path = Day24Tests.swift; sourceTree = "<group>"; };
		1105235821E3BE6D001927B4 /* day24.txt */ = {isa = PBXFileReference; fileEncoding = 4; lastKnownFileType = text; path = day24.txt; sourceTree = "<group>"; };
		1105235A21E3BE6E001927B4 /* Day18Tests.swift */ = {isa = PBXFileReference; fileEncoding = 4; lastKnownFileType = sourcecode.swift; path = Day18Tests.swift; sourceTree = "<group>"; };
		1105235B21E3BE6E001927B4 /* day18.txt */ = {isa = PBXFileReference; fileEncoding = 4; lastKnownFileType = text; path = day18.txt; sourceTree = "<group>"; };
		1105235D21E3BE6E001927B4 /* Day21Tests.swift */ = {isa = PBXFileReference; fileEncoding = 4; lastKnownFileType = sourcecode.swift; path = Day21Tests.swift; sourceTree = "<group>"; };
		1105235E21E3BE6E001927B4 /* day21.txt */ = {isa = PBXFileReference; fileEncoding = 4; lastKnownFileType = text; path = day21.txt; sourceTree = "<group>"; };
		110616D348F202C2131F139A /* Pods-Day10.release.xcconfig */ = {isa = PBXFileReference; includeInIndex = 1; lastKnownFileType = text.xcconfig; name = "Pods-Day10.release.xcconfig"; path = "Target Support Files/Pods-Day10/Pods-Day10.release.xcconfig"; sourceTree = "<group>"; };
		111373F221E28FBD0099DE59 /* Tests.xctest */ = {isa = PBXFileReference; explicitFileType = wrapper.cfbundle; includeInIndex = 0; path = Tests.xctest; sourceTree = BUILT_PRODUCTS_DIR; };
		111373F421E28FBD0099DE59 /* Day1Tests.swift */ = {isa = PBXFileReference; lastKnownFileType = sourcecode.swift; path = Day1Tests.swift; sourceTree = "<group>"; };
		111373F621E28FBD0099DE59 /* Info.plist */ = {isa = PBXFileReference; lastKnownFileType = text.plist.xml; path = Info.plist; sourceTree = "<group>"; };
		1113740121E298650099DE59 /* day2.txt */ = {isa = PBXFileReference; lastKnownFileType = text; path = day2.txt; sourceTree = "<group>"; };
		1113740C21E29C8C0099DE59 /* Day2Tests.swift */ = {isa = PBXFileReference; lastKnownFileType = sourcecode.swift; path = Day2Tests.swift; sourceTree = "<group>"; };
		1113744C21E2B82D0099DE59 /* day1.txt */ = {isa = PBXFileReference; fileEncoding = 4; lastKnownFileType = text; path = day1.txt; sourceTree = "<group>"; };
		1115930C70092AFE9982516D /* libPods-Test1.a */ = {isa = PBXFileReference; explicitFileType = archive.ar; includeInIndex = 0; path = "libPods-Test1.a"; sourceTree = BUILT_PRODUCTS_DIR; };
		112233D721CE2C4E008082E1 /* Day22.swift */ = {isa = PBXFileReference; fileEncoding = 4; lastKnownFileType = sourcecode.swift; path = Day22.swift; sourceTree = "<group>"; };
		112233F021CF6182008082E1 /* Day23.swift */ = {isa = PBXFileReference; fileEncoding = 4; lastKnownFileType = sourcecode.swift; path = Day23.swift; sourceTree = "<group>"; };
		1122340521CFF155008082E1 /* Day21.swift */ = {isa = PBXFileReference; fileEncoding = 4; lastKnownFileType = sourcecode.swift; path = Day21.swift; sourceTree = "<group>"; };
		1123E06421E36321004D32F8 /* Bundle+Current.swift */ = {isa = PBXFileReference; lastKnownFileType = sourcecode.swift; path = "Bundle+Current.swift"; sourceTree = "<group>"; };
		1123E06A21E372AF004D32F8 /* TestSolution+Init.swift */ = {isa = PBXFileReference; lastKnownFileType = sourcecode.swift; path = "TestSolution+Init.swift"; sourceTree = "<group>"; };
		1123E06D21E376B5004D32F8 /* day3.txt */ = {isa = PBXFileReference; lastKnownFileType = text; path = day3.txt; sourceTree = "<group>"; };
		1123E06E21E376B5004D32F8 /* Day3Tests.swift */ = {isa = PBXFileReference; lastKnownFileType = sourcecode.swift; path = Day3Tests.swift; sourceTree = "<group>"; };
		11333C8421C0264A00192AC0 /* Day11.swift */ = {isa = PBXFileReference; fileEncoding = 4; lastKnownFileType = sourcecode.swift; path = Day11.swift; sourceTree = "<group>"; };
		114DDFFF21C162F30032469A /* Day12.swift */ = {isa = PBXFileReference; fileEncoding = 4; lastKnownFileType = sourcecode.swift; path = Day12.swift; sourceTree = "<group>"; };
		11665AD521C2D9CD005C162B /* Day13.swift */ = {isa = PBXFileReference; fileEncoding = 4; lastKnownFileType = sourcecode.swift; path = Day13.swift; sourceTree = "<group>"; };
		116C306821D553FE00922DBC /* Day24.swift */ = {isa = PBXFileReference; fileEncoding = 4; lastKnownFileType = sourcecode.swift; path = Day24.swift; sourceTree = "<group>"; };
		116C307F21D695B700922DBC /* Day25.swift */ = {isa = PBXFileReference; fileEncoding = 4; lastKnownFileType = sourcecode.swift; path = Day25.swift; sourceTree = "<group>"; };
		116C308221D6A50300922DBC /* Group.swift */ = {isa = PBXFileReference; lastKnownFileType = sourcecode.swift; path = Group.swift; sourceTree = "<group>"; };
		116C308821D6A5B300922DBC /* Group+Utils.swift */ = {isa = PBXFileReference; lastKnownFileType = sourcecode.swift; path = "Group+Utils.swift"; sourceTree = "<group>"; };
		1171658F21C95775008D1D00 /* Day18.swift */ = {isa = PBXFileReference; fileEncoding = 4; lastKnownFileType = sourcecode.swift; path = Day18.swift; sourceTree = "<group>"; };
		118C7F1021B3E7A100DE8DF4 /* Day1.swift */ = {isa = PBXFileReference; fileEncoding = 4; lastKnownFileType = sourcecode.swift; path = Day1.swift; sourceTree = "<group>"; };
		118C7F1321B3E7C000DE8DF4 /* Day2.swift */ = {isa = PBXFileReference; fileEncoding = 4; lastKnownFileType = sourcecode.swift; path = Day2.swift; sourceTree = "<group>"; };
		118EF51A21CAA8FB00F40836 /* Day19.swift */ = {isa = PBXFileReference; fileEncoding = 4; lastKnownFileType = sourcecode.swift; path = Day19.swift; sourceTree = "<group>"; };
		119764E021C6E06900FFB036 /* Instruction.swift */ = {isa = PBXFileReference; lastKnownFileType = sourcecode.swift; path = Instruction.swift; sourceTree = "<group>"; };
		119764E221C6E07700FFB036 /* Sample.swift */ = {isa = PBXFileReference; lastKnownFileType = sourcecode.swift; path = Sample.swift; sourceTree = "<group>"; };
		119764E421C6E09B00FFB036 /* String+Ints.swift */ = {isa = PBXFileReference; lastKnownFileType = sourcecode.swift; path = "String+Ints.swift"; sourceTree = "<group>"; };
		119764E621C6E0C800FFB036 /* Operation.swift */ = {isa = PBXFileReference; lastKnownFileType = sourcecode.swift; path = Operation.swift; sourceTree = "<group>"; };
		119764E821C6E0E700FFB036 /* Array+GetThrows.swift */ = {isa = PBXFileReference; lastKnownFileType = sourcecode.swift; path = "Array+GetThrows.swift"; sourceTree = "<group>"; };
		119CA98821C804BB007C291B /* Day17.swift */ = {isa = PBXFileReference; fileEncoding = 4; lastKnownFileType = sourcecode.swift; path = Day17.swift; sourceTree = "<group>"; };
		11A4AA3021D0280300FE91E7 /* Day20.swift */ = {isa = PBXFileReference; fileEncoding = 4; lastKnownFileType = sourcecode.swift; path = Day20.swift; sourceTree = "<group>"; };
		11B9E3C521DD4CDF002309AA /* DateFormatter+DateFormat.swift */ = {isa = PBXFileReference; lastKnownFileType = sourcecode.swift; path = "DateFormatter+DateFormat.swift"; sourceTree = "<group>"; };
		11B9E3C821DD61B0002309AA /* GuardRecord.swift */ = {isa = PBXFileReference; lastKnownFileType = sourcecode.swift; path = GuardRecord.swift; sourceTree = "<group>"; };
		11B9E3CA21DD61C0002309AA /* Schedule.swift */ = {isa = PBXFileReference; lastKnownFileType = sourcecode.swift; path = Schedule.swift; sourceTree = "<group>"; };
		11D1CB7C21C58F41003E0133 /* Day14.swift */ = {isa = PBXFileReference; fileEncoding = 4; lastKnownFileType = sourcecode.swift; path = Day14.swift; sourceTree = "<group>"; };
		11E6BA2321B7003200AEDA36 /* Day4.swift */ = {isa = PBXFileReference; fileEncoding = 4; lastKnownFileType = sourcecode.swift; path = Day4.swift; sourceTree = "<group>"; };
		11E6BA2621BB93BB00AEDA36 /* Frog+ReadNumbers.swift */ = {isa = PBXFileReference; lastKnownFileType = sourcecode.swift; path = "Frog+ReadNumbers.swift"; sourceTree = "<group>"; };
		11E6BA3C21BB9A5E00AEDA36 /* Day8.swift */ = {isa = PBXFileReference; fileEncoding = 4; lastKnownFileType = sourcecode.swift; path = Day8.swift; sourceTree = "<group>"; };
		11E6BA5D21BBDF6C00AEDA36 /* Day6.swift */ = {isa = PBXFileReference; lastKnownFileType = sourcecode.swift; path = Day6.swift; sourceTree = "<group>"; };
		11E6BA8821BCD6CE00AEDA36 /* Day9.swift */ = {isa = PBXFileReference; fileEncoding = 4; lastKnownFileType = sourcecode.swift; path = Day9.swift; sourceTree = "<group>"; };
		11E6BAA921BDA43A00AEDA36 /* Day7.swift */ = {isa = PBXFileReference; fileEncoding = 4; lastKnownFileType = sourcecode.swift; path = Day7.swift; sourceTree = "<group>"; };
		11E6BABE21BEE18D00AEDA36 /* Day10.swift */ = {isa = PBXFileReference; fileEncoding = 4; lastKnownFileType = sourcecode.swift; path = Day10.swift; sourceTree = "<group>"; };
		11F1091721C63B460029EC0F /* Day16.swift */ = {isa = PBXFileReference; fileEncoding = 4; lastKnownFileType = sourcecode.swift; path = Day16.swift; sourceTree = "<group>"; };
		11FF16BE21C4CE740039F2B2 /* Day15.swift */ = {isa = PBXFileReference; fileEncoding = 4; lastKnownFileType = sourcecode.swift; path = Day15.swift; sourceTree = "<group>"; };
		11FF16D221C533970039F2B2 /* Unit.swift */ = {isa = PBXFileReference; lastKnownFileType = sourcecode.swift; path = Unit.swift; sourceTree = "<group>"; };
		12A9B49F693731FFC85EC429 /* Pods-Day24.release.xcconfig */ = {isa = PBXFileReference; includeInIndex = 1; lastKnownFileType = text.xcconfig; name = "Pods-Day24.release.xcconfig"; path = "Target Support Files/Pods-Day24/Pods-Day24.release.xcconfig"; sourceTree = "<group>"; };
		138CD67E2014CAD6DAAEB280 /* libPods-Day15.a */ = {isa = PBXFileReference; explicitFileType = archive.ar; includeInIndex = 0; path = "libPods-Day15.a"; sourceTree = BUILT_PRODUCTS_DIR; };
		1406BAD6664A23666919E014 /* Pods-Day7.release.xcconfig */ = {isa = PBXFileReference; includeInIndex = 1; lastKnownFileType = text.xcconfig; name = "Pods-Day7.release.xcconfig"; path = "Target Support Files/Pods-Day7/Pods-Day7.release.xcconfig"; sourceTree = "<group>"; };
		1442604390A24BDF895214BD /* libPods-Day12.a */ = {isa = PBXFileReference; explicitFileType = archive.ar; includeInIndex = 0; path = "libPods-Day12.a"; sourceTree = BUILT_PRODUCTS_DIR; };
		1BBA2D28B36CBE8F6D41CCE7 /* Pods-LibraryTests.release.xcconfig */ = {isa = PBXFileReference; includeInIndex = 1; lastKnownFileType = text.xcconfig; name = "Pods-LibraryTests.release.xcconfig"; path = "Target Support Files/Pods-LibraryTests/Pods-LibraryTests.release.xcconfig"; sourceTree = "<group>"; };
		1C97591C40B7971C245B8BB5 /* Pods-Day5.release.xcconfig */ = {isa = PBXFileReference; includeInIndex = 1; lastKnownFileType = text.xcconfig; name = "Pods-Day5.release.xcconfig"; path = "Target Support Files/Pods-Day5/Pods-Day5.release.xcconfig"; sourceTree = "<group>"; };
		1CD7D0F0333A1471E8FE2DD5 /* Pods-Day17.release.xcconfig */ = {isa = PBXFileReference; includeInIndex = 1; lastKnownFileType = text.xcconfig; name = "Pods-Day17.release.xcconfig"; path = "Target Support Files/Pods-Day17/Pods-Day17.release.xcconfig"; sourceTree = "<group>"; };
		1DE57E971E029FAAF044507B /* Pods-Tests.debug.xcconfig */ = {isa = PBXFileReference; includeInIndex = 1; lastKnownFileType = text.xcconfig; name = "Pods-Tests.debug.xcconfig"; path = "Target Support Files/Pods-Tests/Pods-Tests.debug.xcconfig"; sourceTree = "<group>"; };
		1E36BA1807DCA2017A426FCF /* Pods-Day15.release.xcconfig */ = {isa = PBXFileReference; includeInIndex = 1; lastKnownFileType = text.xcconfig; name = "Pods-Day15.release.xcconfig"; path = "Target Support Files/Pods-Day15/Pods-Day15.release.xcconfig"; sourceTree = "<group>"; };
		1EA1F809662DF43809138B77 /* libPods-Day20.a */ = {isa = PBXFileReference; explicitFileType = archive.ar; includeInIndex = 0; path = "libPods-Day20.a"; sourceTree = BUILT_PRODUCTS_DIR; };
		27C9241D6BAED2300D308D0C /* Pods-Day9.release.xcconfig */ = {isa = PBXFileReference; includeInIndex = 1; lastKnownFileType = text.xcconfig; name = "Pods-Day9.release.xcconfig"; path = "Target Support Files/Pods-Day9/Pods-Day9.release.xcconfig"; sourceTree = "<group>"; };
		28B762F8CAF04319A885DE96 /* Pods-Day17.debug.xcconfig */ = {isa = PBXFileReference; includeInIndex = 1; lastKnownFileType = text.xcconfig; name = "Pods-Day17.debug.xcconfig"; path = "Target Support Files/Pods-Day17/Pods-Day17.debug.xcconfig"; sourceTree = "<group>"; };
		306B2BF5314B0EF0937ECB7D /* Pods-Tests.release.xcconfig */ = {isa = PBXFileReference; includeInIndex = 1; lastKnownFileType = text.xcconfig; name = "Pods-Tests.release.xcconfig"; path = "Target Support Files/Pods-Tests/Pods-Tests.release.xcconfig"; sourceTree = "<group>"; };
		32BD0471DA2A417451BDB9DF /* Pods-Day14.release.xcconfig */ = {isa = PBXFileReference; includeInIndex = 1; lastKnownFileType = text.xcconfig; name = "Pods-Day14.release.xcconfig"; path = "Target Support Files/Pods-Day14/Pods-Day14.release.xcconfig"; sourceTree = "<group>"; };
		32E0F3C88850EFBFBF254388 /* libPods-Day4.a */ = {isa = PBXFileReference; explicitFileType = archive.ar; includeInIndex = 0; path = "libPods-Day4.a"; sourceTree = BUILT_PRODUCTS_DIR; };
		4203CEBA0FEB926F54526F6D /* Pods-Day18.debug.xcconfig */ = {isa = PBXFileReference; includeInIndex = 1; lastKnownFileType = text.xcconfig; name = "Pods-Day18.debug.xcconfig"; path = "Target Support Files/Pods-Day18/Pods-Day18.debug.xcconfig"; sourceTree = "<group>"; };
		42CD9B8D1A7A35F89F959CD0 /* libPods-Day19.a */ = {isa = PBXFileReference; explicitFileType = archive.ar; includeInIndex = 0; path = "libPods-Day19.a"; sourceTree = BUILT_PRODUCTS_DIR; };
		459CA77D0C724C445A68FC2C /* libPods-Tests.a */ = {isa = PBXFileReference; explicitFileType = archive.ar; includeInIndex = 0; path = "libPods-Tests.a"; sourceTree = BUILT_PRODUCTS_DIR; };
		4897047545B221E1080B938E /* Pods-LibraryTests.debug.xcconfig */ = {isa = PBXFileReference; includeInIndex = 1; lastKnownFileType = text.xcconfig; name = "Pods-LibraryTests.debug.xcconfig"; path = "Target Support Files/Pods-LibraryTests/Pods-LibraryTests.debug.xcconfig"; sourceTree = "<group>"; };
		49A973B6733BBE0922646AA9 /* Pods-Day15.debug.xcconfig */ = {isa = PBXFileReference; includeInIndex = 1; lastKnownFileType = text.xcconfig; name = "Pods-Day15.debug.xcconfig"; path = "Target Support Files/Pods-Day15/Pods-Day15.debug.xcconfig"; sourceTree = "<group>"; };
		4A0FAE548DAF6F09DA0E893E /* Pods-Day12.debug.xcconfig */ = {isa = PBXFileReference; includeInIndex = 1; lastKnownFileType = text.xcconfig; name = "Pods-Day12.debug.xcconfig"; path = "Target Support Files/Pods-Day12/Pods-Day12.debug.xcconfig"; sourceTree = "<group>"; };
		4C4B3E8574A12BE45B276992 /* Pods-Day2.debug.xcconfig */ = {isa = PBXFileReference; includeInIndex = 1; lastKnownFileType = text.xcconfig; name = "Pods-Day2.debug.xcconfig"; path = "Target Support Files/Pods-Day2/Pods-Day2.debug.xcconfig"; sourceTree = "<group>"; };
		4CE957CF2A3A8869A5C03CF5 /* Pods-Day7.debug.xcconfig */ = {isa = PBXFileReference; includeInIndex = 1; lastKnownFileType = text.xcconfig; name = "Pods-Day7.debug.xcconfig"; path = "Target Support Files/Pods-Day7/Pods-Day7.debug.xcconfig"; sourceTree = "<group>"; };
		52574C0CB0E3939E3851E918 /* Pods-Day10.debug.xcconfig */ = {isa = PBXFileReference; includeInIndex = 1; lastKnownFileType = text.xcconfig; name = "Pods-Day10.debug.xcconfig"; path = "Target Support Files/Pods-Day10/Pods-Day10.debug.xcconfig"; sourceTree = "<group>"; };
		53B82F860CD70F5FB3C910FD /* Pods-Day20.debug.xcconfig */ = {isa = PBXFileReference; includeInIndex = 1; lastKnownFileType = text.xcconfig; name = "Pods-Day20.debug.xcconfig"; path = "Target Support Files/Pods-Day20/Pods-Day20.debug.xcconfig"; sourceTree = "<group>"; };
		571EE37D1DC663967215FA21 /* libPods-Day17.a */ = {isa = PBXFileReference; explicitFileType = archive.ar; includeInIndex = 0; path = "libPods-Day17.a"; sourceTree = BUILT_PRODUCTS_DIR; };
		57D50FBFFC348500F6F1A655 /* Pods-Day2Tests.debug.xcconfig */ = {isa = PBXFileReference; includeInIndex = 1; lastKnownFileType = text.xcconfig; name = "Pods-Day2Tests.debug.xcconfig"; path = "Target Support Files/Pods-Day2Tests/Pods-Day2Tests.debug.xcconfig"; sourceTree = "<group>"; };
		5F0F8636FF6A2B0D8B224964 /* Pods-Day18.release.xcconfig */ = {isa = PBXFileReference; includeInIndex = 1; lastKnownFileType = text.xcconfig; name = "Pods-Day18.release.xcconfig"; path = "Target Support Files/Pods-Day18/Pods-Day18.release.xcconfig"; sourceTree = "<group>"; };
		5F55BA5215E37AD72A306F77 /* Pods-Day6.debug.xcconfig */ = {isa = PBXFileReference; includeInIndex = 1; lastKnownFileType = text.xcconfig; name = "Pods-Day6.debug.xcconfig"; path = "Target Support Files/Pods-Day6/Pods-Day6.debug.xcconfig"; sourceTree = "<group>"; };
		5FD128CF756989A010F38A40 /* libPods-Day1.a */ = {isa = PBXFileReference; explicitFileType = archive.ar; includeInIndex = 0; path = "libPods-Day1.a"; sourceTree = BUILT_PRODUCTS_DIR; };
		6169F9D0B74C0AFC38E714C8 /* libPods-LibraryTests.a */ = {isa = PBXFileReference; explicitFileType = archive.ar; includeInIndex = 0; path = "libPods-LibraryTests.a"; sourceTree = BUILT_PRODUCTS_DIR; };
		656A0FF5BD1988A3EC7AC730 /* Pods-Day3.debug.xcconfig */ = {isa = PBXFileReference; includeInIndex = 1; lastKnownFileType = text.xcconfig; name = "Pods-Day3.debug.xcconfig"; path = "Target Support Files/Pods-Day3/Pods-Day3.debug.xcconfig"; sourceTree = "<group>"; };
		664955A3F2384EFA43B939D8 /* Pods-Day3.release.xcconfig */ = {isa = PBXFileReference; includeInIndex = 1; lastKnownFileType = text.xcconfig; name = "Pods-Day3.release.xcconfig"; path = "Target Support Files/Pods-Day3/Pods-Day3.release.xcconfig"; sourceTree = "<group>"; };
		6EBBCA38CB244D32CC7AC016 /* Pods-Day4.release.xcconfig */ = {isa = PBXFileReference; includeInIndex = 1; lastKnownFileType = text.xcconfig; name = "Pods-Day4.release.xcconfig"; path = "Target Support Files/Pods-Day4/Pods-Day4.release.xcconfig"; sourceTree = "<group>"; };
		6FAB13C677D47BA8E0DC2A52 /* libPods-Day21.a */ = {isa = PBXFileReference; explicitFileType = archive.ar; includeInIndex = 0; path = "libPods-Day21.a"; sourceTree = BUILT_PRODUCTS_DIR; };
		71727C1A386E22BEDA0B22AF /* Pods-Day8.release.xcconfig */ = {isa = PBXFileReference; includeInIndex = 1; lastKnownFileType = text.xcconfig; name = "Pods-Day8.release.xcconfig"; path = "Target Support Files/Pods-Day8/Pods-Day8.release.xcconfig"; sourceTree = "<group>"; };
		7190CDE07B733AF88DC6591D /* Pods-Day23.release.xcconfig */ = {isa = PBXFileReference; includeInIndex = 1; lastKnownFileType = text.xcconfig; name = "Pods-Day23.release.xcconfig"; path = "Target Support Files/Pods-Day23/Pods-Day23.release.xcconfig"; sourceTree = "<group>"; };
		746FEDAF9F2477CE980D6CF2 /* Pods-Day21.debug.xcconfig */ = {isa = PBXFileReference; includeInIndex = 1; lastKnownFileType = text.xcconfig; name = "Pods-Day21.debug.xcconfig"; path = "Target Support Files/Pods-Day21/Pods-Day21.debug.xcconfig"; sourceTree = "<group>"; };
		75F7E25157CAE9C2F323004A /* Pods-Day23.debug.xcconfig */ = {isa = PBXFileReference; includeInIndex = 1; lastKnownFileType = text.xcconfig; name = "Pods-Day23.debug.xcconfig"; path = "Target Support Files/Pods-Day23/Pods-Day23.debug.xcconfig"; sourceTree = "<group>"; };
		785DB93EA8E3B5E8C75E7927 /* libPods-Day8.a */ = {isa = PBXFileReference; explicitFileType = archive.ar; includeInIndex = 0; path = "libPods-Day8.a"; sourceTree = BUILT_PRODUCTS_DIR; };
		78738F3DBCB4716C93DC6778 /* libPods-Day5.a */ = {isa = PBXFileReference; explicitFileType = archive.ar; includeInIndex = 0; path = "libPods-Day5.a"; sourceTree = BUILT_PRODUCTS_DIR; };
		78CD3BA121B4FE34000A7669 /* Day3.swift */ = {isa = PBXFileReference; fileEncoding = 4; lastKnownFileType = sourcecode.swift; path = Day3.swift; sourceTree = "<group>"; };
		78CD3BDC21B7B4AF000A7669 /* Day5.swift */ = {isa = PBXFileReference; fileEncoding = 4; lastKnownFileType = sourcecode.swift; path = Day5.swift; sourceTree = "<group>"; };
		795ED71F0109397C5F071920 /* Pods-Day13.release.xcconfig */ = {isa = PBXFileReference; includeInIndex = 1; lastKnownFileType = text.xcconfig; name = "Pods-Day13.release.xcconfig"; path = "Target Support Files/Pods-Day13/Pods-Day13.release.xcconfig"; sourceTree = "<group>"; };
		7E3C61A2033241CF2646CEF0 /* Pods-Day9.debug.xcconfig */ = {isa = PBXFileReference; includeInIndex = 1; lastKnownFileType = text.xcconfig; name = "Pods-Day9.debug.xcconfig"; path = "Target Support Files/Pods-Day9/Pods-Day9.debug.xcconfig"; sourceTree = "<group>"; };
		7FC975DF8CEB331DCAEB56B6 /* libPods-Day16.a */ = {isa = PBXFileReference; explicitFileType = archive.ar; includeInIndex = 0; path = "libPods-Day16.a"; sourceTree = BUILT_PRODUCTS_DIR; };
		83A110368A3C2956E2E9FFF5 /* libPods-Day7.a */ = {isa = PBXFileReference; explicitFileType = archive.ar; includeInIndex = 0; path = "libPods-Day7.a"; sourceTree = BUILT_PRODUCTS_DIR; };
		88A4209FAF9DDEBA6D230445 /* libPods-Day22.a */ = {isa = PBXFileReference; explicitFileType = archive.ar; includeInIndex = 0; path = "libPods-Day22.a"; sourceTree = BUILT_PRODUCTS_DIR; };
		8F0E24F440A264CEEC7F788D /* Pods-Day13.debug.xcconfig */ = {isa = PBXFileReference; includeInIndex = 1; lastKnownFileType = text.xcconfig; name = "Pods-Day13.debug.xcconfig"; path = "Target Support Files/Pods-Day13/Pods-Day13.debug.xcconfig"; sourceTree = "<group>"; };
		917B241A4D89E30AEFB526D9 /* Pods-Day4.debug.xcconfig */ = {isa = PBXFileReference; includeInIndex = 1; lastKnownFileType = text.xcconfig; name = "Pods-Day4.debug.xcconfig"; path = "Target Support Files/Pods-Day4/Pods-Day4.debug.xcconfig"; sourceTree = "<group>"; };
		93EE4B17BA67AD1A9CB86F18 /* Pods-Day1.release.xcconfig */ = {isa = PBXFileReference; includeInIndex = 1; lastKnownFileType = text.xcconfig; name = "Pods-Day1.release.xcconfig"; path = "Target Support Files/Pods-Day1/Pods-Day1.release.xcconfig"; sourceTree = "<group>"; };
		966ACC6E237512907626B45B /* libPods-Day6.a */ = {isa = PBXFileReference; explicitFileType = archive.ar; includeInIndex = 0; path = "libPods-Day6.a"; sourceTree = BUILT_PRODUCTS_DIR; };
		9AC2D6C3C806C17A07779115 /* libPods-Day9.a */ = {isa = PBXFileReference; explicitFileType = archive.ar; includeInIndex = 0; path = "libPods-Day9.a"; sourceTree = BUILT_PRODUCTS_DIR; };
		A5195BC787256F2614685AA4 /* Pods-Day2.release.xcconfig */ = {isa = PBXFileReference; includeInIndex = 1; lastKnownFileType = text.xcconfig; name = "Pods-Day2.release.xcconfig"; path = "Target Support Files/Pods-Day2/Pods-Day2.release.xcconfig"; sourceTree = "<group>"; };
		A801A84AF8A200452D11D6D2 /* Pods-Day11.release.xcconfig */ = {isa = PBXFileReference; includeInIndex = 1; lastKnownFileType = text.xcconfig; name = "Pods-Day11.release.xcconfig"; path = "Target Support Files/Pods-Day11/Pods-Day11.release.xcconfig"; sourceTree = "<group>"; };
		A9EB7E067542514E33B82775 /* Pods-Day25.debug.xcconfig */ = {isa = PBXFileReference; includeInIndex = 1; lastKnownFileType = text.xcconfig; name = "Pods-Day25.debug.xcconfig"; path = "Target Support Files/Pods-Day25/Pods-Day25.debug.xcconfig"; sourceTree = "<group>"; };
		AB11E368E5C0C62ABA020D9F /* libPods-Day24.a */ = {isa = PBXFileReference; explicitFileType = archive.ar; includeInIndex = 0; path = "libPods-Day24.a"; sourceTree = BUILT_PRODUCTS_DIR; };
		AE19968ED1AFD8DB8E040673 /* libPods-Day23.a */ = {isa = PBXFileReference; explicitFileType = archive.ar; includeInIndex = 0; path = "libPods-Day23.a"; sourceTree = BUILT_PRODUCTS_DIR; };
		B1EC04BFA4F405861085CE8C /* Pods-Day19.release.xcconfig */ = {isa = PBXFileReference; includeInIndex = 1; lastKnownFileType = text.xcconfig; name = "Pods-Day19.release.xcconfig"; path = "Target Support Files/Pods-Day19/Pods-Day19.release.xcconfig"; sourceTree = "<group>"; };
		B2A909895C7DB11ED110AB45 /* Pods-Day11.debug.xcconfig */ = {isa = PBXFileReference; includeInIndex = 1; lastKnownFileType = text.xcconfig; name = "Pods-Day11.debug.xcconfig"; path = "Target Support Files/Pods-Day11/Pods-Day11.debug.xcconfig"; sourceTree = "<group>"; };
		B76185E599784222884A5154 /* Pods-Day8.debug.xcconfig */ = {isa = PBXFileReference; includeInIndex = 1; lastKnownFileType = text.xcconfig; name = "Pods-Day8.debug.xcconfig"; path = "Target Support Files/Pods-Day8/Pods-Day8.debug.xcconfig"; sourceTree = "<group>"; };
		BB1E3EA5334CE31277072C2C /* Pods-Test1.debug.xcconfig */ = {isa = PBXFileReference; includeInIndex = 1; lastKnownFileType = text.xcconfig; name = "Pods-Test1.debug.xcconfig"; path = "Target Support Files/Pods-Test1/Pods-Test1.debug.xcconfig"; sourceTree = "<group>"; };
		C3D41C2F53254E144CC919D8 /* Pods-Day21.release.xcconfig */ = {isa = PBXFileReference; includeInIndex = 1; lastKnownFileType = text.xcconfig; name = "Pods-Day21.release.xcconfig"; path = "Target Support Files/Pods-Day21/Pods-Day21.release.xcconfig"; sourceTree = "<group>"; };
		C52915EE2AC1A3F33ED30EB0 /* libPods-Day2.a */ = {isa = PBXFileReference; explicitFileType = archive.ar; includeInIndex = 0; path = "libPods-Day2.a"; sourceTree = BUILT_PRODUCTS_DIR; };
		C7F742C4E11909B6150DBB14 /* libPods-Day2Tests.a */ = {isa = PBXFileReference; explicitFileType = archive.ar; includeInIndex = 0; path = "libPods-Day2Tests.a"; sourceTree = BUILT_PRODUCTS_DIR; };
		CA933FE6980AC37BFE654B2E /* Pods-Day22.debug.xcconfig */ = {isa = PBXFileReference; includeInIndex = 1; lastKnownFileType = text.xcconfig; name = "Pods-Day22.debug.xcconfig"; path = "Target Support Files/Pods-Day22/Pods-Day22.debug.xcconfig"; sourceTree = "<group>"; };
		CC97787064DC461ED8DF241E /* Pods-Day16.debug.xcconfig */ = {isa = PBXFileReference; includeInIndex = 1; lastKnownFileType = text.xcconfig; name = "Pods-Day16.debug.xcconfig"; path = "Target Support Files/Pods-Day16/Pods-Day16.debug.xcconfig"; sourceTree = "<group>"; };
		CDF4200A89C6B14C56E66EB1 /* Pods-Day5.debug.xcconfig */ = {isa = PBXFileReference; includeInIndex = 1; lastKnownFileType = text.xcconfig; name = "Pods-Day5.debug.xcconfig"; path = "Target Support Files/Pods-Day5/Pods-Day5.debug.xcconfig"; sourceTree = "<group>"; };
		D47EFFE6FC40BCD377888502 /* libPods-Day14.a */ = {isa = PBXFileReference; explicitFileType = archive.ar; includeInIndex = 0; path = "libPods-Day14.a"; sourceTree = BUILT_PRODUCTS_DIR; };
		D568EB0F64778FDCE5280C87 /* libPods-Day18.a */ = {isa = PBXFileReference; explicitFileType = archive.ar; includeInIndex = 0; path = "libPods-Day18.a"; sourceTree = BUILT_PRODUCTS_DIR; };
		DEA13451AD4D672889496C42 /* Pods-Day20.release.xcconfig */ = {isa = PBXFileReference; includeInIndex = 1; lastKnownFileType = text.xcconfig; name = "Pods-Day20.release.xcconfig"; path = "Target Support Files/Pods-Day20/Pods-Day20.release.xcconfig"; sourceTree = "<group>"; };
		DEDDA79303E245057A3A6915 /* libPods-Day11.a */ = {isa = PBXFileReference; explicitFileType = archive.ar; includeInIndex = 0; path = "libPods-Day11.a"; sourceTree = BUILT_PRODUCTS_DIR; };
		E06158E69FAE43646571851F /* Pods-Day25.release.xcconfig */ = {isa = PBXFileReference; includeInIndex = 1; lastKnownFileType = text.xcconfig; name = "Pods-Day25.release.xcconfig"; path = "Target Support Files/Pods-Day25/Pods-Day25.release.xcconfig"; sourceTree = "<group>"; };
		E1D4237EF36FF456C9540CBA /* Pods-Day24.debug.xcconfig */ = {isa = PBXFileReference; includeInIndex = 1; lastKnownFileType = text.xcconfig; name = "Pods-Day24.debug.xcconfig"; path = "Target Support Files/Pods-Day24/Pods-Day24.debug.xcconfig"; sourceTree = "<group>"; };
		E24380F0FEF64D125F2047D8 /* Pods-Day16.release.xcconfig */ = {isa = PBXFileReference; includeInIndex = 1; lastKnownFileType = text.xcconfig; name = "Pods-Day16.release.xcconfig"; path = "Target Support Files/Pods-Day16/Pods-Day16.release.xcconfig"; sourceTree = "<group>"; };
		E53FB650949E9C7A338525F0 /* Pods-Day12.release.xcconfig */ = {isa = PBXFileReference; includeInIndex = 1; lastKnownFileType = text.xcconfig; name = "Pods-Day12.release.xcconfig"; path = "Target Support Files/Pods-Day12/Pods-Day12.release.xcconfig"; sourceTree = "<group>"; };
		E75A02278B861BCEA5B9FB98 /* Pods-Day2Tests.release.xcconfig */ = {isa = PBXFileReference; includeInIndex = 1; lastKnownFileType = text.xcconfig; name = "Pods-Day2Tests.release.xcconfig"; path = "Target Support Files/Pods-Day2Tests/Pods-Day2Tests.release.xcconfig"; sourceTree = "<group>"; };
		F66CB465DA5C7CCE3EBDB830 /* Pods-Test1.release.xcconfig */ = {isa = PBXFileReference; includeInIndex = 1; lastKnownFileType = text.xcconfig; name = "Pods-Test1.release.xcconfig"; path = "Target Support Files/Pods-Test1/Pods-Test1.release.xcconfig"; sourceTree = "<group>"; };
		FD5F034C9E77D1243ECC7202 /* Pods-Day22.release.xcconfig */ = {isa = PBXFileReference; includeInIndex = 1; lastKnownFileType = text.xcconfig; name = "Pods-Day22.release.xcconfig"; path = "Target Support Files/Pods-Day22/Pods-Day22.release.xcconfig"; sourceTree = "<group>"; };
/* End PBXFileReference section */

/* Begin PBXFrameworksBuildPhase section */
		111373EF21E28FBD0099DE59 /* Frameworks */ = {
			isa = PBXFrameworksBuildPhase;
			buildActionMask = 2147483647;
			files = (
				8CD9B0E366AFC13CA1DE5E4A /* libPods-Tests.a in Frameworks */,
			);
			runOnlyForDeploymentPostprocessing = 0;
		};
/* End PBXFrameworksBuildPhase section */

/* Begin PBXGroup section */
		110522EE21E37B18001927B4 /* Day4 */ = {
			isa = PBXGroup;
			children = (
				110522F021E37B27001927B4 /* day4.txt */,
				110522EF21E37B27001927B4 /* Day4Tests.swift */,
			);
			path = Day4;
			sourceTree = "<group>";
		};
		110522F721E37C60001927B4 /* Day5 */ = {
			isa = PBXGroup;
			children = (
				110522F821E37C67001927B4 /* day5.txt */,
				110522F921E37C67001927B4 /* Day5Tests.swift */,
			);
			path = Day5;
			sourceTree = "<group>";
		};
		1105230321E38654001927B4 /* Day6 */ = {
			isa = PBXGroup;
			children = (
				1105230421E3865F001927B4 /* day6.txt */,
				1105230521E3865F001927B4 /* Day6Tests.swift */,
			);
			path = Day6;
			sourceTree = "<group>";
		};
		1105230A21E38D39001927B4 /* Day7 */ = {
			isa = PBXGroup;
			children = (
				1105230B21E38D43001927B4 /* day7.txt */,
				1105230C21E38D43001927B4 /* Day7Tests.swift */,
			);
			path = Day7;
			sourceTree = "<group>";
		};
		1105231021E38FD6001927B4 /* Day8 */ = {
			isa = PBXGroup;
			children = (
				1105231121E38FDF001927B4 /* day8.txt */,
				1105231221E38FDF001927B4 /* Day8Tests.swift */,
			);
			path = Day8;
			sourceTree = "<group>";
		};
		1105231B21E39233001927B4 /* Day9 */ = {
			isa = PBXGroup;
			children = (
				1105231C21E3923F001927B4 /* day9.txt */,
				1105231D21E3923F001927B4 /* Day9Tests.swift */,
			);
			path = Day9;
			sourceTree = "<group>";
		};
		1105232021E394CC001927B4 /* Day10 */ = {
			isa = PBXGroup;
			children = (
				1105232221E394D3001927B4 /* day10.txt */,
				1105232121E394D3001927B4 /* Day10Tests.swift */,
			);
			path = Day10;
			sourceTree = "<group>";
		};
		1105232621E3A4EE001927B4 /* Day11 */ = {
			isa = PBXGroup;
			children = (
				1105232821E3A4FD001927B4 /* day11.txt */,
				1105232721E3A4FD001927B4 /* Day11Tests.swift */,
			);
			path = Day11;
			sourceTree = "<group>";
		};
		1105232C21E3A6DD001927B4 /* Day12 */ = {
			isa = PBXGroup;
			children = (
				1105232E21E3A6E5001927B4 /* day12.txt */,
				1105232D21E3A6E5001927B4 /* Day12Tests.swift */,
			);
			path = Day12;
			sourceTree = "<group>";
		};
		1105233221E3AA73001927B4 /* Day13 */ = {
			isa = PBXGroup;
			children = (
				1105233321E3AA7C001927B4 /* day13.txt */,
				1105233421E3AA7D001927B4 /* Day13Tests.swift */,
			);
			path = Day13;
			sourceTree = "<group>";
		};
		1105233821E3BCE4001927B4 /* Day14 */ = {
			isa = PBXGroup;
			children = (
				1105233921E3BCEB001927B4 /* day14.txt */,
				1105233A21E3BCEB001927B4 /* Day14Tests.swift */,
			);
			path = Day14;
			sourceTree = "<group>";
		};
		1105233E21E3BE6C001927B4 /* Day20 */ = {
			isa = PBXGroup;
			children = (
				1105233F21E3BE6C001927B4 /* day20.txt */,
				1105234021E3BE6C001927B4 /* Day20Tests.swift */,
			);
			path = Day20;
			sourceTree = "<group>";
		};
		1105234121E3BE6D001927B4 /* Day16 */ = {
			isa = PBXGroup;
			children = (
				1105234221E3BE6D001927B4 /* day16.txt */,
				1105234321E3BE6D001927B4 /* Day16Tests.swift */,
			);
			path = Day16;
			sourceTree = "<group>";
		};
		1105234421E3BE6D001927B4 /* Day19 */ = {
			isa = PBXGroup;
			children = (
				1105234621E3BE6D001927B4 /* day19.txt */,
				1105234521E3BE6D001927B4 /* Day19Tests.swift */,
			);
			path = Day19;
			sourceTree = "<group>";
		};
		1105234721E3BE6D001927B4 /* Day25 */ = {
			isa = PBXGroup;
			children = (
				1105234821E3BE6D001927B4 /* day25.txt */,
				1105234921E3BE6D001927B4 /* Day25Tests.swift */,
			);
			path = Day25;
			sourceTree = "<group>";
		};
		1105234A21E3BE6D001927B4 /* Day23 */ = {
			isa = PBXGroup;
			children = (
				1105234C21E3BE6D001927B4 /* day23.txt */,
				1105234B21E3BE6D001927B4 /* Day23Tests.swift */,
			);
			path = Day23;
			sourceTree = "<group>";
		};
		1105234D21E3BE6D001927B4 /* Day22 */ = {
			isa = PBXGroup;
			children = (
				1105234F21E3BE6D001927B4 /* day22.txt */,
				1105234E21E3BE6D001927B4 /* Day22Tests.swift */,
			);
			path = Day22;
			sourceTree = "<group>";
		};
		1105235021E3BE6D001927B4 /* Day17 */ = {
			isa = PBXGroup;
			children = (
				1105235121E3BE6D001927B4 /* day17.txt */,
				1105235221E3BE6D001927B4 /* Day17Tests.swift */,
			);
			path = Day17;
			sourceTree = "<group>";
		};
		1105235321E3BE6D001927B4 /* Day15 */ = {
			isa = PBXGroup;
			children = (
				1105235421E3BE6D001927B4 /* day15.txt */,
				1105235521E3BE6D001927B4 /* Day15Tests.swift */,
			);
			path = Day15;
			sourceTree = "<group>";
		};
		1105235621E3BE6D001927B4 /* Day24 */ = {
			isa = PBXGroup;
			children = (
				1105235821E3BE6D001927B4 /* day24.txt */,
				1105235721E3BE6D001927B4 /* Day24Tests.swift */,
			);
			path = Day24;
			sourceTree = "<group>";
		};
		1105235921E3BE6E001927B4 /* Day18 */ = {
			isa = PBXGroup;
			children = (
				1105235B21E3BE6E001927B4 /* day18.txt */,
				1105235A21E3BE6E001927B4 /* Day18Tests.swift */,
			);
			path = Day18;
			sourceTree = "<group>";
		};
		1105235C21E3BE6E001927B4 /* Day21 */ = {
			isa = PBXGroup;
			children = (
				1105235E21E3BE6E001927B4 /* day21.txt */,
				1105235D21E3BE6E001927B4 /* Day21Tests.swift */,
			);
			path = Day21;
			sourceTree = "<group>";
		};
		111373F321E28FBD0099DE59 /* Tests */ = {
			isa = PBXGroup;
			children = (
				1113744B21E2ADC40099DE59 /* Utils */,
				111373FE21E297EF0099DE59 /* Day1 */,
				1113744421E2A5EB0099DE59 /* Day2 */,
				1123E06C21E376AD004D32F8 /* Day3 */,
				110522EE21E37B18001927B4 /* Day4 */,
				110522F721E37C60001927B4 /* Day5 */,
				1105230321E38654001927B4 /* Day6 */,
				1105230A21E38D39001927B4 /* Day7 */,
				1105231021E38FD6001927B4 /* Day8 */,
				1105231B21E39233001927B4 /* Day9 */,
				1105232021E394CC001927B4 /* Day10 */,
				1105232621E3A4EE001927B4 /* Day11 */,
				1105232C21E3A6DD001927B4 /* Day12 */,
				1105233221E3AA73001927B4 /* Day13 */,
				1105233821E3BCE4001927B4 /* Day14 */,
				1105235321E3BE6D001927B4 /* Day15 */,
				1105234121E3BE6D001927B4 /* Day16 */,
				1105235021E3BE6D001927B4 /* Day17 */,
				1105235921E3BE6E001927B4 /* Day18 */,
				1105234421E3BE6D001927B4 /* Day19 */,
				1105233E21E3BE6C001927B4 /* Day20 */,
				1105235C21E3BE6E001927B4 /* Day21 */,
				1105234D21E3BE6D001927B4 /* Day22 */,
				1105234A21E3BE6D001927B4 /* Day23 */,
				1105235621E3BE6D001927B4 /* Day24 */,
				1105234721E3BE6D001927B4 /* Day25 */,
				111373F621E28FBD0099DE59 /* Info.plist */,
			);
			path = Tests;
			sourceTree = "<group>";
		};
		111373FE21E297EF0099DE59 /* Day1 */ = {
			isa = PBXGroup;
			children = (
				1113744C21E2B82D0099DE59 /* day1.txt */,
				111373F421E28FBD0099DE59 /* Day1Tests.swift */,
			);
			path = Day1;
			sourceTree = "<group>";
		};
		1113744421E2A5EB0099DE59 /* Day2 */ = {
			isa = PBXGroup;
			children = (
				1113740121E298650099DE59 /* day2.txt */,
				1113740C21E29C8C0099DE59 /* Day2Tests.swift */,
			);
			path = Day2;
			sourceTree = "<group>";
		};
		1113744B21E2ADC40099DE59 /* Utils */ = {
			isa = PBXGroup;
			children = (
				1123E06421E36321004D32F8 /* Bundle+Current.swift */,
				1123E06A21E372AF004D32F8 /* TestSolution+Init.swift */,
			);
			path = Utils;
			sourceTree = "<group>";
		};
		112233D521CE2C4E008082E1 /* Day22 */ = {
			isa = PBXGroup;
			children = (
				112233D721CE2C4E008082E1 /* Day22.swift */,
			);
			path = Day22;
			sourceTree = "<group>";
		};
		112233EE21CF6182008082E1 /* Day23 */ = {
			isa = PBXGroup;
			children = (
				112233F021CF6182008082E1 /* Day23.swift */,
			);
			path = Day23;
			sourceTree = "<group>";
		};
		1122340321CFF155008082E1 /* Day21 */ = {
			isa = PBXGroup;
			children = (
				1122340521CFF155008082E1 /* Day21.swift */,
			);
			path = Day21;
			sourceTree = "<group>";
		};
		1123E06C21E376AD004D32F8 /* Day3 */ = {
			isa = PBXGroup;
			children = (
				1123E06D21E376B5004D32F8 /* day3.txt */,
				1123E06E21E376B5004D32F8 /* Day3Tests.swift */,
			);
			path = Day3;
			sourceTree = "<group>";
		};
		11333C8221C0264A00192AC0 /* Day11 */ = {
			isa = PBXGroup;
			children = (
				11333C8421C0264A00192AC0 /* Day11.swift */,
			);
			path = Day11;
			sourceTree = "<group>";
		};
		114DDFFD21C162F30032469A /* Day12 */ = {
			isa = PBXGroup;
			children = (
				114DDFFF21C162F30032469A /* Day12.swift */,
			);
			path = Day12;
			sourceTree = "<group>";
		};
		1155398221B30CE7000FA373 = {
			isa = PBXGroup;
			children = (
				11E6BA8D21BD910100AEDA36 /* Utils */,
				118C7EFC21B3E6B200DE8DF4 /* Frog */,
				118C7F0C21B3E7A100DE8DF4 /* Calendar */,
				111373F321E28FBD0099DE59 /* Tests */,
				1155398C21B30CE7000FA373 /* Products */,
				8F610D53CD4C778262B3ED83 /* Pods */,
				2C5C299B63D7C763B871247A /* Frameworks */,
			);
			sourceTree = "<group>";
		};
		1155398C21B30CE7000FA373 /* Products */ = {
			isa = PBXGroup;
			children = (
				111373F221E28FBD0099DE59 /* Tests.xctest */,
			);
			name = Products;
			sourceTree = "<group>";
		};
		11665AD321C2D9CD005C162B /* Day13 */ = {
			isa = PBXGroup;
			children = (
				11665AD521C2D9CD005C162B /* Day13.swift */,
			);
			path = Day13;
			sourceTree = "<group>";
		};
		116C306621D553FE00922DBC /* Day24 */ = {
			isa = PBXGroup;
			children = (
				116C308221D6A50300922DBC /* Group.swift */,
				116C308821D6A5B300922DBC /* Group+Utils.swift */,
				116C306821D553FE00922DBC /* Day24.swift */,
			);
			path = Day24;
			sourceTree = "<group>";
		};
		116C307D21D695B700922DBC /* Day25 */ = {
			isa = PBXGroup;
			children = (
				116C307F21D695B700922DBC /* Day25.swift */,
			);
			path = Day25;
			sourceTree = "<group>";
		};
		1171658B21C95775008D1D00 /* Day18 */ = {
			isa = PBXGroup;
			children = (
				1171658F21C95775008D1D00 /* Day18.swift */,
			);
			path = Day18;
			sourceTree = "<group>";
		};
		118C7EFC21B3E6B200DE8DF4 /* Frog */ = {
			isa = PBXGroup;
			children = (
				11E6BA2621BB93BB00AEDA36 /* Frog+ReadNumbers.swift */,
			);
			path = Frog;
			sourceTree = "<group>";
		};
		118C7F0C21B3E7A100DE8DF4 /* Calendar */ = {
			isa = PBXGroup;
			children = (
				118C7F0E21B3E7A100DE8DF4 /* Day1 */,
				118C7F0D21B3E7A100DE8DF4 /* Day2 */,
				78CD3B9321B4FDFB000A7669 /* Day3 */,
				11E6BA2121B7003200AEDA36 /* Day4 */,
				78CD3BDA21B7B4AF000A7669 /* Day5 */,
				11E6BA5B21BBDF6C00AEDA36 /* Day6 */,
				11E6BAA721BDA43A00AEDA36 /* Day7 */,
				11E6BA3A21BB9A5E00AEDA36 /* Day8 */,
				11E6BA8621BCD6CE00AEDA36 /* Day9 */,
				11E6BABC21BEE18D00AEDA36 /* Day10 */,
				11333C8221C0264A00192AC0 /* Day11 */,
				114DDFFD21C162F30032469A /* Day12 */,
				11665AD321C2D9CD005C162B /* Day13 */,
				11D1CB7A21C58F41003E0133 /* Day14 */,
				11FF16BC21C4CE740039F2B2 /* Day15 */,
				11F1091621C63B460029EC0F /* Day16 */,
				119CA98621C804BB007C291B /* Day17 */,
				1171658B21C95775008D1D00 /* Day18 */,
				118EF51721CAA8FA00F40836 /* Day19 */,
				11A4AA2E21D0280300FE91E7 /* Day20 */,
				1122340321CFF155008082E1 /* Day21 */,
				112233D521CE2C4E008082E1 /* Day22 */,
				112233EE21CF6182008082E1 /* Day23 */,
				116C306621D553FE00922DBC /* Day24 */,
				116C307D21D695B700922DBC /* Day25 */,
			);
			path = Calendar;
			sourceTree = "<group>";
		};
		118C7F0D21B3E7A100DE8DF4 /* Day2 */ = {
			isa = PBXGroup;
			children = (
				118C7F1321B3E7C000DE8DF4 /* Day2.swift */,
			);
			path = Day2;
			sourceTree = "<group>";
		};
		118C7F0E21B3E7A100DE8DF4 /* Day1 */ = {
			isa = PBXGroup;
			children = (
				118C7F1021B3E7A100DE8DF4 /* Day1.swift */,
			);
			path = Day1;
			sourceTree = "<group>";
		};
		118EF51721CAA8FA00F40836 /* Day19 */ = {
			isa = PBXGroup;
			children = (
				118EF51A21CAA8FB00F40836 /* Day19.swift */,
			);
			path = Day19;
			sourceTree = "<group>";
		};
		119CA98621C804BB007C291B /* Day17 */ = {
			isa = PBXGroup;
			children = (
				119CA98821C804BB007C291B /* Day17.swift */,
			);
			path = Day17;
			sourceTree = "<group>";
		};
		11A4AA2E21D0280300FE91E7 /* Day20 */ = {
			isa = PBXGroup;
			children = (
				11A4AA3021D0280300FE91E7 /* Day20.swift */,
			);
			path = Day20;
			sourceTree = "<group>";
		};
		11D1CB7A21C58F41003E0133 /* Day14 */ = {
			isa = PBXGroup;
			children = (
				11D1CB7C21C58F41003E0133 /* Day14.swift */,
			);
			path = Day14;
			sourceTree = "<group>";
		};
		11E6BA2121B7003200AEDA36 /* Day4 */ = {
			isa = PBXGroup;
			children = (
				11B9E3C521DD4CDF002309AA /* DateFormatter+DateFormat.swift */,
				11B9E3C821DD61B0002309AA /* GuardRecord.swift */,
				11B9E3CA21DD61C0002309AA /* Schedule.swift */,
				11E6BA2321B7003200AEDA36 /* Day4.swift */,
			);
			path = Day4;
			sourceTree = "<group>";
		};
		11E6BA3A21BB9A5E00AEDA36 /* Day8 */ = {
			isa = PBXGroup;
			children = (
				11E6BA3C21BB9A5E00AEDA36 /* Day8.swift */,
			);
			path = Day8;
			sourceTree = "<group>";
		};
		11E6BA5B21BBDF6C00AEDA36 /* Day6 */ = {
			isa = PBXGroup;
			children = (
				11E6BA5D21BBDF6C00AEDA36 /* Day6.swift */,
			);
			path = Day6;
			sourceTree = "<group>";
		};
		11E6BA8621BCD6CE00AEDA36 /* Day9 */ = {
			isa = PBXGroup;
			children = (
				11E6BA8821BCD6CE00AEDA36 /* Day9.swift */,
			);
			path = Day9;
			sourceTree = "<group>";
		};
		11E6BA8D21BD910100AEDA36 /* Utils */ = {
			isa = PBXGroup;
			children = (
				119764E621C6E0C800FFB036 /* Operation.swift */,
				119764E821C6E0E700FFB036 /* Array+GetThrows.swift */,
				119764E021C6E06900FFB036 /* Instruction.swift */,
			);
			path = Utils;
			sourceTree = "<group>";
		};
		11E6BAA721BDA43A00AEDA36 /* Day7 */ = {
			isa = PBXGroup;
			children = (
				11E6BAA921BDA43A00AEDA36 /* Day7.swift */,
			);
			path = Day7;
			sourceTree = "<group>";
		};
		11E6BABC21BEE18D00AEDA36 /* Day10 */ = {
			isa = PBXGroup;
			children = (
				11E6BABE21BEE18D00AEDA36 /* Day10.swift */,
			);
			path = Day10;
			sourceTree = "<group>";
		};
		11F1091621C63B460029EC0F /* Day16 */ = {
			isa = PBXGroup;
			children = (
				11F1091721C63B460029EC0F /* Day16.swift */,
				119764E221C6E07700FFB036 /* Sample.swift */,
				119764E421C6E09B00FFB036 /* String+Ints.swift */,
			);
			path = Day16;
			sourceTree = "<group>";
		};
		11FF16BC21C4CE740039F2B2 /* Day15 */ = {
			isa = PBXGroup;
			children = (
				11FF16BE21C4CE740039F2B2 /* Day15.swift */,
				11FF16D221C533970039F2B2 /* Unit.swift */,
			);
			path = Day15;
			sourceTree = "<group>";
		};
		2C5C299B63D7C763B871247A /* Frameworks */ = {
			isa = PBXGroup;
			children = (
				5FD128CF756989A010F38A40 /* libPods-Day1.a */,
				01A445E20487B43A7CEC1E43 /* libPods-Day10.a */,
				DEDDA79303E245057A3A6915 /* libPods-Day11.a */,
				1442604390A24BDF895214BD /* libPods-Day12.a */,
				0C79C58A104F911F3A1E368D /* libPods-Day13.a */,
				D47EFFE6FC40BCD377888502 /* libPods-Day14.a */,
				138CD67E2014CAD6DAAEB280 /* libPods-Day15.a */,
				7FC975DF8CEB331DCAEB56B6 /* libPods-Day16.a */,
				571EE37D1DC663967215FA21 /* libPods-Day17.a */,
				D568EB0F64778FDCE5280C87 /* libPods-Day18.a */,
				42CD9B8D1A7A35F89F959CD0 /* libPods-Day19.a */,
				C52915EE2AC1A3F33ED30EB0 /* libPods-Day2.a */,
				1EA1F809662DF43809138B77 /* libPods-Day20.a */,
				6FAB13C677D47BA8E0DC2A52 /* libPods-Day21.a */,
				88A4209FAF9DDEBA6D230445 /* libPods-Day22.a */,
				AE19968ED1AFD8DB8E040673 /* libPods-Day23.a */,
				AB11E368E5C0C62ABA020D9F /* libPods-Day24.a */,
				00329033F91A54ACD05D911C /* libPods-Day25.a */,
				00E52431251ACA2FC1606B3D /* libPods-Day3.a */,
				32E0F3C88850EFBFBF254388 /* libPods-Day4.a */,
				78738F3DBCB4716C93DC6778 /* libPods-Day5.a */,
				966ACC6E237512907626B45B /* libPods-Day6.a */,
				83A110368A3C2956E2E9FFF5 /* libPods-Day7.a */,
				785DB93EA8E3B5E8C75E7927 /* libPods-Day8.a */,
				9AC2D6C3C806C17A07779115 /* libPods-Day9.a */,
				459CA77D0C724C445A68FC2C /* libPods-Tests.a */,
				C7F742C4E11909B6150DBB14 /* libPods-Day2Tests.a */,
				6169F9D0B74C0AFC38E714C8 /* libPods-LibraryTests.a */,
				1115930C70092AFE9982516D /* libPods-Test1.a */,
			);
			name = Frameworks;
			sourceTree = "<group>";
		};
		78CD3B9321B4FDFB000A7669 /* Day3 */ = {
			isa = PBXGroup;
			children = (
				78CD3BA121B4FE34000A7669 /* Day3.swift */,
			);
			path = Day3;
			sourceTree = "<group>";
		};
		78CD3BDA21B7B4AF000A7669 /* Day5 */ = {
			isa = PBXGroup;
			children = (
				78CD3BDC21B7B4AF000A7669 /* Day5.swift */,
			);
			path = Day5;
			sourceTree = "<group>";
		};
		8F610D53CD4C778262B3ED83 /* Pods */ = {
			isa = PBXGroup;
			children = (
				06BC8AF351031FC85CFB0EB6 /* Pods-Day1.debug.xcconfig */,
				93EE4B17BA67AD1A9CB86F18 /* Pods-Day1.release.xcconfig */,
				52574C0CB0E3939E3851E918 /* Pods-Day10.debug.xcconfig */,
				110616D348F202C2131F139A /* Pods-Day10.release.xcconfig */,
				B2A909895C7DB11ED110AB45 /* Pods-Day11.debug.xcconfig */,
				A801A84AF8A200452D11D6D2 /* Pods-Day11.release.xcconfig */,
				4A0FAE548DAF6F09DA0E893E /* Pods-Day12.debug.xcconfig */,
				E53FB650949E9C7A338525F0 /* Pods-Day12.release.xcconfig */,
				8F0E24F440A264CEEC7F788D /* Pods-Day13.debug.xcconfig */,
				795ED71F0109397C5F071920 /* Pods-Day13.release.xcconfig */,
				09961B79A780BFE483A646BF /* Pods-Day14.debug.xcconfig */,
				32BD0471DA2A417451BDB9DF /* Pods-Day14.release.xcconfig */,
				49A973B6733BBE0922646AA9 /* Pods-Day15.debug.xcconfig */,
				1E36BA1807DCA2017A426FCF /* Pods-Day15.release.xcconfig */,
				CC97787064DC461ED8DF241E /* Pods-Day16.debug.xcconfig */,
				E24380F0FEF64D125F2047D8 /* Pods-Day16.release.xcconfig */,
				28B762F8CAF04319A885DE96 /* Pods-Day17.debug.xcconfig */,
				1CD7D0F0333A1471E8FE2DD5 /* Pods-Day17.release.xcconfig */,
				4203CEBA0FEB926F54526F6D /* Pods-Day18.debug.xcconfig */,
				5F0F8636FF6A2B0D8B224964 /* Pods-Day18.release.xcconfig */,
				064760872CFAD17BEB9B5F91 /* Pods-Day19.debug.xcconfig */,
				B1EC04BFA4F405861085CE8C /* Pods-Day19.release.xcconfig */,
				4C4B3E8574A12BE45B276992 /* Pods-Day2.debug.xcconfig */,
				A5195BC787256F2614685AA4 /* Pods-Day2.release.xcconfig */,
				53B82F860CD70F5FB3C910FD /* Pods-Day20.debug.xcconfig */,
				DEA13451AD4D672889496C42 /* Pods-Day20.release.xcconfig */,
				746FEDAF9F2477CE980D6CF2 /* Pods-Day21.debug.xcconfig */,
				C3D41C2F53254E144CC919D8 /* Pods-Day21.release.xcconfig */,
				CA933FE6980AC37BFE654B2E /* Pods-Day22.debug.xcconfig */,
				FD5F034C9E77D1243ECC7202 /* Pods-Day22.release.xcconfig */,
				75F7E25157CAE9C2F323004A /* Pods-Day23.debug.xcconfig */,
				7190CDE07B733AF88DC6591D /* Pods-Day23.release.xcconfig */,
				E1D4237EF36FF456C9540CBA /* Pods-Day24.debug.xcconfig */,
				12A9B49F693731FFC85EC429 /* Pods-Day24.release.xcconfig */,
				A9EB7E067542514E33B82775 /* Pods-Day25.debug.xcconfig */,
				E06158E69FAE43646571851F /* Pods-Day25.release.xcconfig */,
				656A0FF5BD1988A3EC7AC730 /* Pods-Day3.debug.xcconfig */,
				664955A3F2384EFA43B939D8 /* Pods-Day3.release.xcconfig */,
				917B241A4D89E30AEFB526D9 /* Pods-Day4.debug.xcconfig */,
				6EBBCA38CB244D32CC7AC016 /* Pods-Day4.release.xcconfig */,
				CDF4200A89C6B14C56E66EB1 /* Pods-Day5.debug.xcconfig */,
				1C97591C40B7971C245B8BB5 /* Pods-Day5.release.xcconfig */,
				5F55BA5215E37AD72A306F77 /* Pods-Day6.debug.xcconfig */,
				04CB5A083A44BD947CA984F7 /* Pods-Day6.release.xcconfig */,
				4CE957CF2A3A8869A5C03CF5 /* Pods-Day7.debug.xcconfig */,
				1406BAD6664A23666919E014 /* Pods-Day7.release.xcconfig */,
				B76185E599784222884A5154 /* Pods-Day8.debug.xcconfig */,
				71727C1A386E22BEDA0B22AF /* Pods-Day8.release.xcconfig */,
				7E3C61A2033241CF2646CEF0 /* Pods-Day9.debug.xcconfig */,
				27C9241D6BAED2300D308D0C /* Pods-Day9.release.xcconfig */,
				1DE57E971E029FAAF044507B /* Pods-Tests.debug.xcconfig */,
				306B2BF5314B0EF0937ECB7D /* Pods-Tests.release.xcconfig */,
				57D50FBFFC348500F6F1A655 /* Pods-Day2Tests.debug.xcconfig */,
				E75A02278B861BCEA5B9FB98 /* Pods-Day2Tests.release.xcconfig */,
				4897047545B221E1080B938E /* Pods-LibraryTests.debug.xcconfig */,
				1BBA2D28B36CBE8F6D41CCE7 /* Pods-LibraryTests.release.xcconfig */,
				BB1E3EA5334CE31277072C2C /* Pods-Test1.debug.xcconfig */,
				F66CB465DA5C7CCE3EBDB830 /* Pods-Test1.release.xcconfig */,
			);
			path = Pods;
			sourceTree = "<group>";
		};
/* End PBXGroup section */

/* Begin PBXNativeTarget section */
		111373F121E28FBD0099DE59 /* Tests */ = {
			isa = PBXNativeTarget;
			buildConfigurationList = 111373F721E28FBD0099DE59 /* Build configuration list for PBXNativeTarget "Tests" */;
			buildPhases = (
				AA13759F1A649EF9C632D7BD /* [CP] Check Pods Manifest.lock */,
				111373EE21E28FBD0099DE59 /* Sources */,
				111373EF21E28FBD0099DE59 /* Frameworks */,
				111373F021E28FBD0099DE59 /* Resources */,
			);
			buildRules = (
			);
			dependencies = (
			);
			name = Tests;
			productName = Tests;
			productReference = 111373F221E28FBD0099DE59 /* Tests.xctest */;
			productType = "com.apple.product-type.bundle.unit-test";
		};
/* End PBXNativeTarget section */

/* Begin PBXProject section */
		1155398321B30CE7000FA373 /* Project object */ = {
			isa = PBXProject;
			attributes = {
				LastSwiftUpdateCheck = 1010;
				LastUpgradeCheck = 1000;
				ORGANIZATIONNAME = "Vyacheslav Khorkov";
				TargetAttributes = {
					111373F121E28FBD0099DE59 = {
						CreatedOnToolsVersion = 10.1;
					};
				};
			};
			buildConfigurationList = 1155398621B30CE7000FA373 /* Build configuration list for PBXProject "Swift" */;
			compatibilityVersion = "Xcode 9.3";
			developmentRegion = en;
			hasScannedForEncodings = 0;
			knownRegions = (
				en,
			);
			mainGroup = 1155398221B30CE7000FA373;
			productRefGroup = 1155398C21B30CE7000FA373 /* Products */;
			projectDirPath = "";
			projectRoot = "";
			targets = (
				111373F121E28FBD0099DE59 /* Tests */,
			);
		};
/* End PBXProject section */

/* Begin PBXResourcesBuildPhase section */
		111373F021E28FBD0099DE59 /* Resources */ = {
			isa = PBXResourcesBuildPhase;
			buildActionMask = 2147483647;
			files = (
				1105230E21E38D5F001927B4 /* day7.txt in Resources */,
				110522F121E37B5B001927B4 /* day4.txt in Resources */,
				1113744621E2A60F0099DE59 /* day2.txt in Resources */,
				1105237E21E3C3A3001927B4 /* day15.txt in Resources */,
				1105232B21E3A553001927B4 /* day11.txt in Resources */,
				1105233121E3A726001927B4 /* day12.txt in Resources */,
				1123E07A21E378F2004D32F8 /* day3.txt in Resources */,
				1105237421E3BE6E001927B4 /* day21.txt in Resources */,
				1105231421E39019001927B4 /* day8.txt in Resources */,
				1105237021E3BE6E001927B4 /* day24.txt in Resources */,
				1105236821E3BE6E001927B4 /* day23.txt in Resources */,
				1113744D21E2B82E0099DE59 /* day1.txt in Resources */,
				1105236A21E3BE6E001927B4 /* day22.txt in Resources */,
				1105233D21E3BD75001927B4 /* day14.txt in Resources */,
				1105230821E38687001927B4 /* day6.txt in Resources */,
				1105231F21E3928E001927B4 /* day9.txt in Resources */,
				1105236B21E3BE6E001927B4 /* day17.txt in Resources */,
				1105232421E39596001927B4 /* day10.txt in Resources */,
				1105236421E3BE6E001927B4 /* day19.txt in Resources */,
				1105236121E3BE6E001927B4 /* day16.txt in Resources */,
				110522FB21E37C92001927B4 /* day5.txt in Resources */,
				1105235F21E3BE6E001927B4 /* day20.txt in Resources */,
				1105236521E3BE6E001927B4 /* day25.txt in Resources */,
				1105233621E3AAAA001927B4 /* day13.txt in Resources */,
				1105237221E3BE6E001927B4 /* day18.txt in Resources */,
			);
			runOnlyForDeploymentPostprocessing = 0;
		};
/* End PBXResourcesBuildPhase section */

/* Begin PBXShellScriptBuildPhase section */
		AA13759F1A649EF9C632D7BD /* [CP] Check Pods Manifest.lock */ = {
			isa = PBXShellScriptBuildPhase;
			buildActionMask = 2147483647;
			files = (
			);
			inputFileListPaths = (
			);
			inputPaths = (
				"${PODS_PODFILE_DIR_PATH}/Podfile.lock",
				"${PODS_ROOT}/Manifest.lock",
			);
			name = "[CP] Check Pods Manifest.lock";
			outputFileListPaths = (
			);
			outputPaths = (
				"$(DERIVED_FILE_DIR)/Pods-Tests-checkManifestLockResult.txt",
			);
			runOnlyForDeploymentPostprocessing = 0;
			shellPath = /bin/sh;
			shellScript = "diff \"${PODS_PODFILE_DIR_PATH}/Podfile.lock\" \"${PODS_ROOT}/Manifest.lock\" > /dev/null\nif [ $? != 0 ] ; then\n    # print error to STDERR\n    echo \"error: The sandbox is not in sync with the Podfile.lock. Run 'pod install' or update your CocoaPods installation.\" >&2\n    exit 1\nfi\n# This output is used by Xcode 'outputs' to avoid re-running this script phase.\necho \"SUCCESS\" > \"${SCRIPT_OUTPUT_FILE_0}\"\n";
			showEnvVarsInLog = 0;
		};
/* End PBXShellScriptBuildPhase section */

/* Begin PBXSourcesBuildPhase section */
		111373EE21E28FBD0099DE59 /* Sources */ = {
			isa = PBXSourcesBuildPhase;
			buildActionMask = 2147483647;
			files = (
				1123E06B21E372AF004D32F8 /* TestSolution+Init.swift in Sources */,
				1105238421E3D353001927B4 /* Array+GetThrows.swift in Sources */,
				1105230F21E38D87001927B4 /* Day7Tests.swift in Sources */,
				110522FC21E37C96001927B4 /* Day5.swift in Sources */,
				1105239921E3EC80001927B4 /* Group+Utils.swift in Sources */,
				1105230D21E38D5A001927B4 /* Day7.swift in Sources */,
				1105238121E3D340001927B4 /* String+Ints.swift in Sources */,
				1105239721E3EC79001927B4 /* Day24Tests.swift in Sources */,
				110522F321E37B60001927B4 /* Day4.swift in Sources */,
				1105238B21E3D891001927B4 /* Day18.swift in Sources */,
				1105233021E3A724001927B4 /* Day12Tests.swift in Sources */,
				1105233521E3AAA7001927B4 /* Day13Tests.swift in Sources */,
				1105239C21E3EE0E001927B4 /* Day25.swift in Sources */,
				1105232F21E3A720001927B4 /* Day12.swift in Sources */,
				110522F421E37B72001927B4 /* Schedule.swift in Sources */,
				1123E06F21E376F4004D32F8 /* Day3.swift in Sources */,
				1105239B21E3EDE3001927B4 /* Day25Tests.swift in Sources */,
				1105237621E3BFD7001927B4 /* Unit.swift in Sources */,
				1105233721E3AAC0001927B4 /* Day13.swift in Sources */,
				1105239521E3EB2E001927B4 /* Day23.swift in Sources */,
				1105233B21E3BD50001927B4 /* Day14.swift in Sources */,
				110522FA21E37C90001927B4 /* Day5Tests.swift in Sources */,
				1105237721E3C0E2001927B4 /* Day15.swift in Sources */,
				1105231521E3901E001927B4 /* Day8.swift in Sources */,
				1105231721E390B9001927B4 /* Day9.swift in Sources */,
				111373FB21E292110099DE59 /* Day1.swift in Sources */,
				1105232921E3A54C001927B4 /* Day11.swift in Sources */,
				1105238921E3D4E2001927B4 /* Day17Tests.swift in Sources */,
				1105231621E3908E001927B4 /* Frog+ReadNumbers.swift in Sources */,
				1105239021E3DE27001927B4 /* Day20Tests.swift in Sources */,
				1105231E21E3928B001927B4 /* Day9Tests.swift in Sources */,
				1105238A21E3D6C3001927B4 /* Day17.swift in Sources */,
				1105232A21E3A551001927B4 /* Day11Tests.swift in Sources */,
				1113744821E2A61C0099DE59 /* Day2.swift in Sources */,
				1105232321E39593001927B4 /* Day10Tests.swift in Sources */,
				110522F621E37B78001927B4 /* DateFormatter+DateFormat.swift in Sources */,
				110522F521E37B75001927B4 /* GuardRecord.swift in Sources */,
				1105230621E3867F001927B4 /* Day6.swift in Sources */,
				1105238E21E3DB5F001927B4 /* Day19Tests.swift in Sources */,
				1123E06521E36321004D32F8 /* Bundle+Current.swift in Sources */,
				1105238C21E3D92D001927B4 /* Day18Tests.swift in Sources */,
				1105238321E3D34D001927B4 /* Operation.swift in Sources */,
				1105232521E395C1001927B4 /* Day10.swift in Sources */,
				1105233C21E3BD72001927B4 /* Day14Tests.swift in Sources */,
				1113744521E2A60A0099DE59 /* Day2Tests.swift in Sources */,
				1123E07021E37704004D32F8 /* Day3Tests.swift in Sources */,
				1105237821E3C10F001927B4 /* Day15Tests.swift in Sources */,
				1105239621E3EB3D001927B4 /* Day23Tests.swift in Sources */,
				1105238221E3D349001927B4 /* Instruction.swift in Sources */,
				1105238D21E3DA10001927B4 /* Day19.swift in Sources */,
				1113744721E2A6120099DE59 /* Day1Tests.swift in Sources */,
				1105239A21E3EC84001927B4 /* Group.swift in Sources */,
				1105239221E3E643001927B4 /* Day21Tests.swift in Sources */,
				1105237F21E3D31B001927B4 /* Day16.swift in Sources */,
				1105230721E38685001927B4 /* Day6Tests.swift in Sources */,
				1105239421E3E85A001927B4 /* Day22Tests.swift in Sources */,
				110522F221E37B5D001927B4 /* Day4Tests.swift in Sources */,
				1105238021E3D33B001927B4 /* Sample.swift in Sources */,
				1105239121E3E510001927B4 /* Day21.swift in Sources */,
				1105239321E3E83E001927B4 /* Day22.swift in Sources */,
				1105231321E39016001927B4 /* Day8Tests.swift in Sources */,
				1105238F21E3DCDD001927B4 /* Day20.swift in Sources */,
				1105239821E3EC7D001927B4 /* Day24.swift in Sources */,
				1105238821E3D42F001927B4 /* Day16Tests.swift in Sources */,
			);
			runOnlyForDeploymentPostprocessing = 0;
		};
/* End PBXSourcesBuildPhase section */

/* Begin XCBuildConfiguration section */
		111373F821E28FBD0099DE59 /* Debug */ = {
			isa = XCBuildConfiguration;
			baseConfigurationReference = 1DE57E971E029FAAF044507B /* Pods-Tests.debug.xcconfig */;
			buildSettings = {
				CODE_SIGN_STYLE = Automatic;
				COMBINE_HIDPI_IMAGES = YES;
				INFOPLIST_FILE = Tests/Info.plist;
				LD_RUNPATH_SEARCH_PATHS = (
					"$(inherited)",
					"@executable_path/../Frameworks",
					"@loader_path/../Frameworks",
				);
				PRODUCT_BUNDLE_IDENTIFIER = none.Tests;
				PRODUCT_NAME = "$(TARGET_NAME)";
				SWIFT_VERSION = 4.2;
				TEST_HOST = "";
			};
			name = Debug;
		};
		111373F921E28FBD0099DE59 /* Release */ = {
			isa = XCBuildConfiguration;
			baseConfigurationReference = 306B2BF5314B0EF0937ECB7D /* Pods-Tests.release.xcconfig */;
			buildSettings = {
				CODE_SIGN_STYLE = Automatic;
				COMBINE_HIDPI_IMAGES = YES;
				INFOPLIST_FILE = Tests/Info.plist;
				LD_RUNPATH_SEARCH_PATHS = (
					"$(inherited)",
					"@executable_path/../Frameworks",
					"@loader_path/../Frameworks",
				);
				PRODUCT_BUNDLE_IDENTIFIER = none.Tests;
				PRODUCT_NAME = "$(TARGET_NAME)";
				SWIFT_VERSION = 4.2;
				TEST_HOST = "";
			};
			name = Release;
		};
		1155399021B30CE7000FA373 /* Debug */ = {
			isa = XCBuildConfiguration;
			buildSettings = {
				ALWAYS_SEARCH_USER_PATHS = NO;
				CLANG_ANALYZER_NONNULL = YES;
				CLANG_ANALYZER_NUMBER_OBJECT_CONVERSION = YES_AGGRESSIVE;
				CLANG_CXX_LANGUAGE_STANDARD = "gnu++14";
				CLANG_CXX_LIBRARY = "libc++";
				CLANG_ENABLE_MODULES = YES;
				CLANG_ENABLE_OBJC_ARC = YES;
				CLANG_ENABLE_OBJC_WEAK = YES;
				CLANG_WARN_BLOCK_CAPTURE_AUTORELEASING = YES;
				CLANG_WARN_BOOL_CONVERSION = YES;
				CLANG_WARN_COMMA = YES;
				CLANG_WARN_CONSTANT_CONVERSION = YES;
				CLANG_WARN_DEPRECATED_OBJC_IMPLEMENTATIONS = YES;
				CLANG_WARN_DIRECT_OBJC_ISA_USAGE = YES_ERROR;
				CLANG_WARN_DOCUMENTATION_COMMENTS = YES;
				CLANG_WARN_EMPTY_BODY = YES;
				CLANG_WARN_ENUM_CONVERSION = YES;
				CLANG_WARN_INFINITE_RECURSION = YES;
				CLANG_WARN_INT_CONVERSION = YES;
				CLANG_WARN_NON_LITERAL_NULL_CONVERSION = YES;
				CLANG_WARN_OBJC_IMPLICIT_RETAIN_SELF = YES;
				CLANG_WARN_OBJC_LITERAL_CONVERSION = YES;
				CLANG_WARN_OBJC_ROOT_CLASS = YES_ERROR;
				CLANG_WARN_RANGE_LOOP_ANALYSIS = YES;
				CLANG_WARN_STRICT_PROTOTYPES = YES;
				CLANG_WARN_SUSPICIOUS_MOVE = YES;
				CLANG_WARN_UNGUARDED_AVAILABILITY = YES_AGGRESSIVE;
				CLANG_WARN_UNREACHABLE_CODE = YES;
				CLANG_WARN__DUPLICATE_METHOD_MATCH = YES;
				CODE_SIGN_IDENTITY = "-";
				COPY_PHASE_STRIP = NO;
				DEBUG_INFORMATION_FORMAT = dwarf;
				ENABLE_STRICT_OBJC_MSGSEND = YES;
				ENABLE_TESTABILITY = YES;
				GCC_C_LANGUAGE_STANDARD = gnu11;
				GCC_DYNAMIC_NO_PIC = NO;
				GCC_NO_COMMON_BLOCKS = YES;
				GCC_OPTIMIZATION_LEVEL = 0;
				GCC_PREPROCESSOR_DEFINITIONS = (
					"DEBUG=1",
					"$(inherited)",
				);
				GCC_WARN_64_TO_32_BIT_CONVERSION = YES;
				GCC_WARN_ABOUT_RETURN_TYPE = YES_ERROR;
				GCC_WARN_UNDECLARED_SELECTOR = YES;
				GCC_WARN_UNINITIALIZED_AUTOS = YES_AGGRESSIVE;
				GCC_WARN_UNUSED_FUNCTION = YES;
				GCC_WARN_UNUSED_VARIABLE = YES;
				MACOSX_DEPLOYMENT_TARGET = 10.14;
				MTL_ENABLE_DEBUG_INFO = INCLUDE_SOURCE;
				MTL_FAST_MATH = YES;
				ONLY_ACTIVE_ARCH = YES;
				SDKROOT = macosx;
				SWIFT_ACTIVE_COMPILATION_CONDITIONS = DEBUG;
				SWIFT_OPTIMIZATION_LEVEL = "-Onone";
			};
			name = Debug;
		};
		1155399121B30CE7000FA373 /* Release */ = {
			isa = XCBuildConfiguration;
			buildSettings = {
				ALWAYS_SEARCH_USER_PATHS = NO;
				CLANG_ANALYZER_NONNULL = YES;
				CLANG_ANALYZER_NUMBER_OBJECT_CONVERSION = YES_AGGRESSIVE;
				CLANG_CXX_LANGUAGE_STANDARD = "gnu++14";
				CLANG_CXX_LIBRARY = "libc++";
				CLANG_ENABLE_MODULES = YES;
				CLANG_ENABLE_OBJC_ARC = YES;
				CLANG_ENABLE_OBJC_WEAK = YES;
				CLANG_WARN_BLOCK_CAPTURE_AUTORELEASING = YES;
				CLANG_WARN_BOOL_CONVERSION = YES;
				CLANG_WARN_COMMA = YES;
				CLANG_WARN_CONSTANT_CONVERSION = YES;
				CLANG_WARN_DEPRECATED_OBJC_IMPLEMENTATIONS = YES;
				CLANG_WARN_DIRECT_OBJC_ISA_USAGE = YES_ERROR;
				CLANG_WARN_DOCUMENTATION_COMMENTS = YES;
				CLANG_WARN_EMPTY_BODY = YES;
				CLANG_WARN_ENUM_CONVERSION = YES;
				CLANG_WARN_INFINITE_RECURSION = YES;
				CLANG_WARN_INT_CONVERSION = YES;
				CLANG_WARN_NON_LITERAL_NULL_CONVERSION = YES;
				CLANG_WARN_OBJC_IMPLICIT_RETAIN_SELF = YES;
				CLANG_WARN_OBJC_LITERAL_CONVERSION = YES;
				CLANG_WARN_OBJC_ROOT_CLASS = YES_ERROR;
				CLANG_WARN_RANGE_LOOP_ANALYSIS = YES;
				CLANG_WARN_STRICT_PROTOTYPES = YES;
				CLANG_WARN_SUSPICIOUS_MOVE = YES;
				CLANG_WARN_UNGUARDED_AVAILABILITY = YES_AGGRESSIVE;
				CLANG_WARN_UNREACHABLE_CODE = YES;
				CLANG_WARN__DUPLICATE_METHOD_MATCH = YES;
				CODE_SIGN_IDENTITY = "-";
				COPY_PHASE_STRIP = NO;
				DEBUG_INFORMATION_FORMAT = "dwarf-with-dsym";
				ENABLE_NS_ASSERTIONS = NO;
				ENABLE_STRICT_OBJC_MSGSEND = YES;
				GCC_C_LANGUAGE_STANDARD = gnu11;
				GCC_NO_COMMON_BLOCKS = YES;
				GCC_WARN_64_TO_32_BIT_CONVERSION = YES;
				GCC_WARN_ABOUT_RETURN_TYPE = YES_ERROR;
				GCC_WARN_UNDECLARED_SELECTOR = YES;
				GCC_WARN_UNINITIALIZED_AUTOS = YES_AGGRESSIVE;
				GCC_WARN_UNUSED_FUNCTION = YES;
				GCC_WARN_UNUSED_VARIABLE = YES;
				MACOSX_DEPLOYMENT_TARGET = 10.14;
				MTL_ENABLE_DEBUG_INFO = NO;
				MTL_FAST_MATH = YES;
				SDKROOT = macosx;
				SWIFT_COMPILATION_MODE = wholemodule;
				SWIFT_OPTIMIZATION_LEVEL = "-O";
			};
			name = Release;
		};
/* End XCBuildConfiguration section */

/* Begin XCConfigurationList section */
		111373F721E28FBD0099DE59 /* Build configuration list for PBXNativeTarget "Tests" */ = {
			isa = XCConfigurationList;
			buildConfigurations = (
				111373F821E28FBD0099DE59 /* Debug */,
				111373F921E28FBD0099DE59 /* Release */,
			);
			defaultConfigurationIsVisible = 0;
			defaultConfigurationName = Release;
		};
		1155398621B30CE7000FA373 /* Build configuration list for PBXProject "Swift" */ = {
			isa = XCConfigurationList;
			buildConfigurations = (
				1155399021B30CE7000FA373 /* Debug */,
				1155399121B30CE7000FA373 /* Release */,
			);
			defaultConfigurationIsVisible = 0;
			defaultConfigurationName = Release;
		};
/* End XCConfigurationList section */
	};
	rootObject = 1155398321B30CE7000FA373 /* Project object */;
}
