// !$*UTF8*$!
{
	archiveVersion = 1;
	classes = {
	};
	objectVersion = 50;
	objects = {

/* Begin PBXBuildFile section */
		118C7F0121B3E6B200DE8DF4 /* UnsafeMutablePointer+File.swift in Sources */ = {isa = PBXBuildFile; fileRef = 118C7EFE21B3E6B200DE8DF4 /* UnsafeMutablePointer+File.swift */; };
		118C7F0221B3E6B200DE8DF4 /* String+Newline.swift in Sources */ = {isa = PBXBuildFile; fileRef = 118C7EFF21B3E6B200DE8DF4 /* String+Newline.swift */; };
		118C7F0321B3E6B200DE8DF4 /* Frog.swift in Sources */ = {isa = PBXBuildFile; fileRef = 118C7F0021B3E6B200DE8DF4 /* Frog.swift */; };
		118C7F1121B3E7A100DE8DF4 /* main.swift in Sources */ = {isa = PBXBuildFile; fileRef = 118C7F1021B3E7A100DE8DF4 /* main.swift */; };
		118C7F1721B3E7CB00DE8DF4 /* UnsafeMutablePointer+File.swift in Sources */ = {isa = PBXBuildFile; fileRef = 118C7EFE21B3E6B200DE8DF4 /* UnsafeMutablePointer+File.swift */; };
		118C7F1821B3E7CB00DE8DF4 /* main.swift in Sources */ = {isa = PBXBuildFile; fileRef = 118C7F1321B3E7C000DE8DF4 /* main.swift */; };
		118C7F1921B3E7CB00DE8DF4 /* Frog.swift in Sources */ = {isa = PBXBuildFile; fileRef = 118C7F0021B3E6B200DE8DF4 /* Frog.swift */; };
		118C7F1B21B3E7CB00DE8DF4 /* String+Newline.swift in Sources */ = {isa = PBXBuildFile; fileRef = 118C7EFF21B3E6B200DE8DF4 /* String+Newline.swift */; };
		118C7F2221B3E7E600DE8DF4 /* input.txt in CopyFiles */ = {isa = PBXBuildFile; fileRef = 118C7F0F21B3E7A100DE8DF4 /* input.txt */; };
		118C7F2321B3E7EA00DE8DF4 /* input.txt in CopyFiles */ = {isa = PBXBuildFile; fileRef = 118C7F1221B3E7C000DE8DF4 /* input.txt */; };
		11E6BA1621B7001C00AEDA36 /* UnsafeMutablePointer+File.swift in Sources */ = {isa = PBXBuildFile; fileRef = 118C7EFE21B3E6B200DE8DF4 /* UnsafeMutablePointer+File.swift */; };
		11E6BA1821B7001C00AEDA36 /* Frog.swift in Sources */ = {isa = PBXBuildFile; fileRef = 118C7F0021B3E6B200DE8DF4 /* Frog.swift */; };
		11E6BA1921B7001C00AEDA36 /* String+Newline.swift in Sources */ = {isa = PBXBuildFile; fileRef = 118C7EFF21B3E6B200DE8DF4 /* String+Newline.swift */; };
		11E6BA2421B7003200AEDA36 /* main.swift in Sources */ = {isa = PBXBuildFile; fileRef = 11E6BA2321B7003200AEDA36 /* main.swift */; };
		11E6BA2521B7003D00AEDA36 /* input.txt in CopyFiles */ = {isa = PBXBuildFile; fileRef = 11E6BA2221B7003200AEDA36 /* input.txt */; };
		11E6BA2721BB93BB00AEDA36 /* Frog+ReadNumbers.swift in Sources */ = {isa = PBXBuildFile; fileRef = 11E6BA2621BB93BB00AEDA36 /* Frog+ReadNumbers.swift */; };
		11E6BA2821BB93BB00AEDA36 /* Frog+ReadNumbers.swift in Sources */ = {isa = PBXBuildFile; fileRef = 11E6BA2621BB93BB00AEDA36 /* Frog+ReadNumbers.swift */; };
		11E6BA2921BB93BB00AEDA36 /* Frog+ReadNumbers.swift in Sources */ = {isa = PBXBuildFile; fileRef = 11E6BA2621BB93BB00AEDA36 /* Frog+ReadNumbers.swift */; };
		11E6BA2A21BB93BB00AEDA36 /* Frog+ReadNumbers.swift in Sources */ = {isa = PBXBuildFile; fileRef = 11E6BA2621BB93BB00AEDA36 /* Frog+ReadNumbers.swift */; };
		11E6BA2B21BB93BB00AEDA36 /* Frog+ReadNumbers.swift in Sources */ = {isa = PBXBuildFile; fileRef = 11E6BA2621BB93BB00AEDA36 /* Frog+ReadNumbers.swift */; };
		11E6BA2E21BB9A3300AEDA36 /* UnsafeMutablePointer+File.swift in Sources */ = {isa = PBXBuildFile; fileRef = 118C7EFE21B3E6B200DE8DF4 /* UnsafeMutablePointer+File.swift */; };
		11E6BA3021BB9A3300AEDA36 /* Frog+ReadNumbers.swift in Sources */ = {isa = PBXBuildFile; fileRef = 11E6BA2621BB93BB00AEDA36 /* Frog+ReadNumbers.swift */; };
		11E6BA3121BB9A3300AEDA36 /* Frog.swift in Sources */ = {isa = PBXBuildFile; fileRef = 118C7F0021B3E6B200DE8DF4 /* Frog.swift */; };
		11E6BA3221BB9A3300AEDA36 /* String+Newline.swift in Sources */ = {isa = PBXBuildFile; fileRef = 118C7EFF21B3E6B200DE8DF4 /* String+Newline.swift */; };
		11E6BA3D21BB9A5E00AEDA36 /* main.swift in Sources */ = {isa = PBXBuildFile; fileRef = 11E6BA3C21BB9A5E00AEDA36 /* main.swift */; };
		11E6BA3E21BB9A6F00AEDA36 /* input.txt in CopyFiles */ = {isa = PBXBuildFile; fileRef = 11E6BA3B21BB9A5E00AEDA36 /* input.txt */; };
		78CD3B9621B4FE1F000A7669 /* UnsafeMutablePointer+File.swift in Sources */ = {isa = PBXBuildFile; fileRef = 118C7EFE21B3E6B200DE8DF4 /* UnsafeMutablePointer+File.swift */; };
		78CD3B9821B4FE1F000A7669 /* Frog.swift in Sources */ = {isa = PBXBuildFile; fileRef = 118C7F0021B3E6B200DE8DF4 /* Frog.swift */; };
		78CD3B9921B4FE1F000A7669 /* String+Newline.swift in Sources */ = {isa = PBXBuildFile; fileRef = 118C7EFF21B3E6B200DE8DF4 /* String+Newline.swift */; };
		78CD3BA321B4FE34000A7669 /* main.swift in Sources */ = {isa = PBXBuildFile; fileRef = 78CD3BA121B4FE34000A7669 /* main.swift */; };
		78CD3BA421B4FE60000A7669 /* input.txt in CopyFiles */ = {isa = PBXBuildFile; fileRef = 78CD3BA221B4FE34000A7669 /* input.txt */; };
		78CD3BCF21B7B48C000A7669 /* UnsafeMutablePointer+File.swift in Sources */ = {isa = PBXBuildFile; fileRef = 118C7EFE21B3E6B200DE8DF4 /* UnsafeMutablePointer+File.swift */; };
		78CD3BD121B7B48C000A7669 /* Frog.swift in Sources */ = {isa = PBXBuildFile; fileRef = 118C7F0021B3E6B200DE8DF4 /* Frog.swift */; };
		78CD3BD221B7B48C000A7669 /* String+Newline.swift in Sources */ = {isa = PBXBuildFile; fileRef = 118C7EFF21B3E6B200DE8DF4 /* String+Newline.swift */; };
		78CD3BDD21B7B4AF000A7669 /* main.swift in Sources */ = {isa = PBXBuildFile; fileRef = 78CD3BDC21B7B4AF000A7669 /* main.swift */; };
		78CD3BDE21B7B4C7000A7669 /* input.txt in CopyFiles */ = {isa = PBXBuildFile; fileRef = 78CD3BDB21B7B4AF000A7669 /* input.txt */; };
/* End PBXBuildFile section */

/* Begin PBXCopyFilesBuildPhase section */
		1155398921B30CE7000FA373 /* CopyFiles */ = {
			isa = PBXCopyFilesBuildPhase;
			buildActionMask = 12;
			dstPath = "";
			dstSubfolderSpec = 7;
			files = (
				118C7F2221B3E7E600DE8DF4 /* input.txt in CopyFiles */,
			);
			runOnlyForDeploymentPostprocessing = 0;
		};
		118C7F1D21B3E7CB00DE8DF4 /* CopyFiles */ = {
			isa = PBXCopyFilesBuildPhase;
			buildActionMask = 12;
			dstPath = "";
			dstSubfolderSpec = 7;
			files = (
				118C7F2321B3E7EA00DE8DF4 /* input.txt in CopyFiles */,
			);
			runOnlyForDeploymentPostprocessing = 0;
		};
		11E6BA1B21B7001C00AEDA36 /* CopyFiles */ = {
			isa = PBXCopyFilesBuildPhase;
			buildActionMask = 12;
			dstPath = "";
			dstSubfolderSpec = 7;
			files = (
				11E6BA2521B7003D00AEDA36 /* input.txt in CopyFiles */,
			);
			runOnlyForDeploymentPostprocessing = 0;
		};
		11E6BA3421BB9A3300AEDA36 /* CopyFiles */ = {
			isa = PBXCopyFilesBuildPhase;
			buildActionMask = 12;
			dstPath = "";
			dstSubfolderSpec = 7;
			files = (
				11E6BA3E21BB9A6F00AEDA36 /* input.txt in CopyFiles */,
			);
			runOnlyForDeploymentPostprocessing = 0;
		};
		78CD3B9B21B4FE1F000A7669 /* CopyFiles */ = {
			isa = PBXCopyFilesBuildPhase;
			buildActionMask = 12;
			dstPath = "";
			dstSubfolderSpec = 7;
			files = (
				78CD3BA421B4FE60000A7669 /* input.txt in CopyFiles */,
			);
			runOnlyForDeploymentPostprocessing = 0;
		};
		78CD3BD421B7B48C000A7669 /* CopyFiles */ = {
			isa = PBXCopyFilesBuildPhase;
			buildActionMask = 12;
			dstPath = "";
			dstSubfolderSpec = 7;
			files = (
				78CD3BDE21B7B4C7000A7669 /* input.txt in CopyFiles */,
			);
			runOnlyForDeploymentPostprocessing = 0;
		};
/* End PBXCopyFilesBuildPhase section */

/* Begin PBXFileReference section */
		1155398B21B30CE7000FA373 /* Day1 */ = {isa = PBXFileReference; explicitFileType = "compiled.mach-o.executable"; includeInIndex = 0; path = Day1; sourceTree = BUILT_PRODUCTS_DIR; };
		118C7EFE21B3E6B200DE8DF4 /* UnsafeMutablePointer+File.swift */ = {isa = PBXFileReference; fileEncoding = 4; lastKnownFileType = sourcecode.swift; path = "UnsafeMutablePointer+File.swift"; sourceTree = "<group>"; };
		118C7EFF21B3E6B200DE8DF4 /* String+Newline.swift */ = {isa = PBXFileReference; fileEncoding = 4; lastKnownFileType = sourcecode.swift; path = "String+Newline.swift"; sourceTree = "<group>"; };
		118C7F0021B3E6B200DE8DF4 /* Frog.swift */ = {isa = PBXFileReference; fileEncoding = 4; lastKnownFileType = sourcecode.swift; path = Frog.swift; sourceTree = "<group>"; };
		118C7F0F21B3E7A100DE8DF4 /* input.txt */ = {isa = PBXFileReference; fileEncoding = 4; lastKnownFileType = text; path = input.txt; sourceTree = "<group>"; };
		118C7F1021B3E7A100DE8DF4 /* main.swift */ = {isa = PBXFileReference; fileEncoding = 4; lastKnownFileType = sourcecode.swift; path = main.swift; sourceTree = "<group>"; };
		118C7F1221B3E7C000DE8DF4 /* input.txt */ = {isa = PBXFileReference; fileEncoding = 4; lastKnownFileType = text; path = input.txt; sourceTree = "<group>"; };
		118C7F1321B3E7C000DE8DF4 /* main.swift */ = {isa = PBXFileReference; fileEncoding = 4; lastKnownFileType = sourcecode.swift; path = main.swift; sourceTree = "<group>"; };
		118C7F2121B3E7CB00DE8DF4 /* Day2 */ = {isa = PBXFileReference; explicitFileType = "compiled.mach-o.executable"; includeInIndex = 0; path = Day2; sourceTree = BUILT_PRODUCTS_DIR; };
		11E6BA2021B7001C00AEDA36 /* Day4 */ = {isa = PBXFileReference; explicitFileType = "compiled.mach-o.executable"; includeInIndex = 0; path = Day4; sourceTree = BUILT_PRODUCTS_DIR; };
		11E6BA2221B7003200AEDA36 /* input.txt */ = {isa = PBXFileReference; fileEncoding = 4; lastKnownFileType = text; path = input.txt; sourceTree = "<group>"; };
		11E6BA2321B7003200AEDA36 /* main.swift */ = {isa = PBXFileReference; fileEncoding = 4; lastKnownFileType = sourcecode.swift; path = main.swift; sourceTree = "<group>"; };
		11E6BA2621BB93BB00AEDA36 /* Frog+ReadNumbers.swift */ = {isa = PBXFileReference; lastKnownFileType = sourcecode.swift; path = "Frog+ReadNumbers.swift"; sourceTree = "<group>"; };
		11E6BA3921BB9A3300AEDA36 /* Day8 */ = {isa = PBXFileReference; explicitFileType = "compiled.mach-o.executable"; includeInIndex = 0; path = Day8; sourceTree = BUILT_PRODUCTS_DIR; };
		11E6BA3B21BB9A5E00AEDA36 /* input.txt */ = {isa = PBXFileReference; fileEncoding = 4; lastKnownFileType = text; path = input.txt; sourceTree = "<group>"; };
		11E6BA3C21BB9A5E00AEDA36 /* main.swift */ = {isa = PBXFileReference; fileEncoding = 4; lastKnownFileType = sourcecode.swift; path = main.swift; sourceTree = "<group>"; };
		78CD3BA021B4FE1F000A7669 /* Day3 */ = {isa = PBXFileReference; explicitFileType = "compiled.mach-o.executable"; includeInIndex = 0; path = Day3; sourceTree = BUILT_PRODUCTS_DIR; };
		78CD3BA121B4FE34000A7669 /* main.swift */ = {isa = PBXFileReference; fileEncoding = 4; lastKnownFileType = sourcecode.swift; path = main.swift; sourceTree = "<group>"; };
		78CD3BA221B4FE34000A7669 /* input.txt */ = {isa = PBXFileReference; fileEncoding = 4; lastKnownFileType = text; path = input.txt; sourceTree = "<group>"; };
		78CD3BD921B7B48C000A7669 /* Day5 */ = {isa = PBXFileReference; explicitFileType = "compiled.mach-o.executable"; includeInIndex = 0; path = Day5; sourceTree = BUILT_PRODUCTS_DIR; };
		78CD3BDB21B7B4AF000A7669 /* input.txt */ = {isa = PBXFileReference; fileEncoding = 4; lastKnownFileType = text; path = input.txt; sourceTree = "<group>"; };
		78CD3BDC21B7B4AF000A7669 /* main.swift */ = {isa = PBXFileReference; fileEncoding = 4; lastKnownFileType = sourcecode.swift; path = main.swift; sourceTree = "<group>"; };
/* End PBXFileReference section */

/* Begin PBXFrameworksBuildPhase section */
		1155398821B30CE7000FA373 /* Frameworks */ = {
			isa = PBXFrameworksBuildPhase;
			buildActionMask = 2147483647;
			files = (
			);
			runOnlyForDeploymentPostprocessing = 0;
		};
		118C7F1C21B3E7CB00DE8DF4 /* Frameworks */ = {
			isa = PBXFrameworksBuildPhase;
			buildActionMask = 2147483647;
			files = (
			);
			runOnlyForDeploymentPostprocessing = 0;
		};
		11E6BA1A21B7001C00AEDA36 /* Frameworks */ = {
			isa = PBXFrameworksBuildPhase;
			buildActionMask = 2147483647;
			files = (
			);
			runOnlyForDeploymentPostprocessing = 0;
		};
		11E6BA3321BB9A3300AEDA36 /* Frameworks */ = {
			isa = PBXFrameworksBuildPhase;
			buildActionMask = 2147483647;
			files = (
			);
			runOnlyForDeploymentPostprocessing = 0;
		};
		78CD3B9A21B4FE1F000A7669 /* Frameworks */ = {
			isa = PBXFrameworksBuildPhase;
			buildActionMask = 2147483647;
			files = (
			);
			runOnlyForDeploymentPostprocessing = 0;
		};
		78CD3BD321B7B48C000A7669 /* Frameworks */ = {
			isa = PBXFrameworksBuildPhase;
			buildActionMask = 2147483647;
			files = (
			);
			runOnlyForDeploymentPostprocessing = 0;
		};
/* End PBXFrameworksBuildPhase section */

/* Begin PBXGroup section */
		1155398221B30CE7000FA373 = {
			isa = PBXGroup;
			children = (
				118C7EFC21B3E6B200DE8DF4 /* Frog */,
				118C7F0C21B3E7A100DE8DF4 /* Calendar */,
				1155398C21B30CE7000FA373 /* Products */,
			);
			sourceTree = "<group>";
		};
		1155398C21B30CE7000FA373 /* Products */ = {
			isa = PBXGroup;
			children = (
				1155398B21B30CE7000FA373 /* Day1 */,
				118C7F2121B3E7CB00DE8DF4 /* Day2 */,
				78CD3BA021B4FE1F000A7669 /* Day3 */,
				11E6BA2021B7001C00AEDA36 /* Day4 */,
				78CD3BD921B7B48C000A7669 /* Day5 */,
				11E6BA3921BB9A3300AEDA36 /* Day8 */,
			);
			name = Products;
			sourceTree = "<group>";
		};
		118C7EFC21B3E6B200DE8DF4 /* Frog */ = {
			isa = PBXGroup;
			children = (
				118C7EFD21B3E6B200DE8DF4 /* Extensions */,
				118C7F0021B3E6B200DE8DF4 /* Frog.swift */,
				11E6BA2621BB93BB00AEDA36 /* Frog+ReadNumbers.swift */,
			);
			path = Frog;
			sourceTree = "<group>";
		};
		118C7EFD21B3E6B200DE8DF4 /* Extensions */ = {
			isa = PBXGroup;
			children = (
				118C7EFE21B3E6B200DE8DF4 /* UnsafeMutablePointer+File.swift */,
				118C7EFF21B3E6B200DE8DF4 /* String+Newline.swift */,
			);
			path = Extensions;
			sourceTree = "<group>";
		};
		118C7F0C21B3E7A100DE8DF4 /* Calendar */ = {
			isa = PBXGroup;
			children = (
				118C7F0E21B3E7A100DE8DF4 /* Day1 */,
				118C7F0D21B3E7A100DE8DF4 /* Day2 */,
				78CD3B9321B4FDFB000A7669 /* Day3 */,
				11E6BA2121B7003200AEDA36 /* Day4 */,
				78CD3BDA21B7B4AF000A7669 /* Day5 */,
				11E6BA3A21BB9A5E00AEDA36 /* Day8 */,
			);
			path = Calendar;
			sourceTree = "<group>";
		};
		118C7F0D21B3E7A100DE8DF4 /* Day2 */ = {
			isa = PBXGroup;
			children = (
				118C7F1221B3E7C000DE8DF4 /* input.txt */,
				118C7F1321B3E7C000DE8DF4 /* main.swift */,
			);
			path = Day2;
			sourceTree = "<group>";
		};
		118C7F0E21B3E7A100DE8DF4 /* Day1 */ = {
			isa = PBXGroup;
			children = (
				118C7F0F21B3E7A100DE8DF4 /* input.txt */,
				118C7F1021B3E7A100DE8DF4 /* main.swift */,
			);
			path = Day1;
			sourceTree = "<group>";
		};
		11E6BA2121B7003200AEDA36 /* Day4 */ = {
			isa = PBXGroup;
			children = (
				11E6BA2221B7003200AEDA36 /* input.txt */,
				11E6BA2321B7003200AEDA36 /* main.swift */,
			);
			path = Day4;
			sourceTree = "<group>";
		};
		11E6BA3A21BB9A5E00AEDA36 /* Day8 */ = {
			isa = PBXGroup;
			children = (
				11E6BA3B21BB9A5E00AEDA36 /* input.txt */,
				11E6BA3C21BB9A5E00AEDA36 /* main.swift */,
			);
			path = Day8;
			sourceTree = "<group>";
		};
		78CD3B9321B4FDFB000A7669 /* Day3 */ = {
			isa = PBXGroup;
			children = (
				78CD3BA221B4FE34000A7669 /* input.txt */,
				78CD3BA121B4FE34000A7669 /* main.swift */,
			);
			path = Day3;
			sourceTree = "<group>";
		};
		78CD3BDA21B7B4AF000A7669 /* Day5 */ = {
			isa = PBXGroup;
			children = (
				78CD3BDB21B7B4AF000A7669 /* input.txt */,
				78CD3BDC21B7B4AF000A7669 /* main.swift */,
			);
			path = Day5;
			sourceTree = "<group>";
		};
/* End PBXGroup section */

/* Begin PBXNativeTarget section */
		1155398A21B30CE7000FA373 /* Day1 */ = {
			isa = PBXNativeTarget;
			buildConfigurationList = 1155399221B30CE7000FA373 /* Build configuration list for PBXNativeTarget "Day1" */;
			buildPhases = (
				1155398721B30CE7000FA373 /* Sources */,
				1155398821B30CE7000FA373 /* Frameworks */,
				1155398921B30CE7000FA373 /* CopyFiles */,
			);
			buildRules = (
			);
			dependencies = (
			);
			name = Day1;
			productName = Day1;
			productReference = 1155398B21B30CE7000FA373 /* Day1 */;
			productType = "com.apple.product-type.tool";
		};
		118C7F1521B3E7CB00DE8DF4 /* Day2 */ = {
			isa = PBXNativeTarget;
			buildConfigurationList = 118C7F1E21B3E7CB00DE8DF4 /* Build configuration list for PBXNativeTarget "Day2" */;
			buildPhases = (
				118C7F1621B3E7CB00DE8DF4 /* Sources */,
				118C7F1C21B3E7CB00DE8DF4 /* Frameworks */,
				118C7F1D21B3E7CB00DE8DF4 /* CopyFiles */,
			);
			buildRules = (
			);
			dependencies = (
			);
			name = Day2;
			productName = Day1;
			productReference = 118C7F2121B3E7CB00DE8DF4 /* Day2 */;
			productType = "com.apple.product-type.tool";
		};
		11E6BA1421B7001C00AEDA36 /* Day4 */ = {
			isa = PBXNativeTarget;
			buildConfigurationList = 11E6BA1D21B7001C00AEDA36 /* Build configuration list for PBXNativeTarget "Day4" */;
			buildPhases = (
				11E6BA1521B7001C00AEDA36 /* Sources */,
				11E6BA1A21B7001C00AEDA36 /* Frameworks */,
				11E6BA1B21B7001C00AEDA36 /* CopyFiles */,
			);
			buildRules = (
			);
			dependencies = (
			);
			name = Day4;
			productName = Day1;
			productReference = 11E6BA2021B7001C00AEDA36 /* Day4 */;
			productType = "com.apple.product-type.tool";
		};
		11E6BA2C21BB9A3300AEDA36 /* Day8 */ = {
			isa = PBXNativeTarget;
			buildConfigurationList = 11E6BA3621BB9A3300AEDA36 /* Build configuration list for PBXNativeTarget "Day8" */;
			buildPhases = (
				11E6BA2D21BB9A3300AEDA36 /* Sources */,
				11E6BA3321BB9A3300AEDA36 /* Frameworks */,
				11E6BA3421BB9A3300AEDA36 /* CopyFiles */,
			);
			buildRules = (
			);
			dependencies = (
			);
			name = Day8;
			productName = Day1;
			productReference = 11E6BA3921BB9A3300AEDA36 /* Day8 */;
			productType = "com.apple.product-type.tool";
		};
		78CD3B9421B4FE1F000A7669 /* Day3 */ = {
			isa = PBXNativeTarget;
			buildConfigurationList = 78CD3B9D21B4FE1F000A7669 /* Build configuration list for PBXNativeTarget "Day3" */;
			buildPhases = (
				78CD3B9521B4FE1F000A7669 /* Sources */,
				78CD3B9A21B4FE1F000A7669 /* Frameworks */,
				78CD3B9B21B4FE1F000A7669 /* CopyFiles */,
			);
			buildRules = (
			);
			dependencies = (
			);
			name = Day3;
			productName = Day1;
			productReference = 78CD3BA021B4FE1F000A7669 /* Day3 */;
			productType = "com.apple.product-type.tool";
		};
		78CD3BCD21B7B48C000A7669 /* Day5 */ = {
			isa = PBXNativeTarget;
			buildConfigurationList = 78CD3BD621B7B48C000A7669 /* Build configuration list for PBXNativeTarget "Day5" */;
			buildPhases = (
				78CD3BCE21B7B48C000A7669 /* Sources */,
				78CD3BD321B7B48C000A7669 /* Frameworks */,
				78CD3BD421B7B48C000A7669 /* CopyFiles */,
			);
			buildRules = (
			);
			dependencies = (
			);
			name = Day5;
			productName = Day1;
			productReference = 78CD3BD921B7B48C000A7669 /* Day5 */;
			productType = "com.apple.product-type.tool";
		};
/* End PBXNativeTarget section */

/* Begin PBXProject section */
		1155398321B30CE7000FA373 /* Project object */ = {
			isa = PBXProject;
			attributes = {
				LastSwiftUpdateCheck = 1000;
				LastUpgradeCheck = 1000;
				ORGANIZATIONNAME = "Vyacheslav Khorkov";
				TargetAttributes = {
					1155398A21B30CE7000FA373 = {
						CreatedOnToolsVersion = 10.0;
					};
				};
			};
			buildConfigurationList = 1155398621B30CE7000FA373 /* Build configuration list for PBXProject "Swift" */;
			compatibilityVersion = "Xcode 9.3";
			developmentRegion = en;
			hasScannedForEncodings = 0;
			knownRegions = (
				en,
			);
			mainGroup = 1155398221B30CE7000FA373;
			productRefGroup = 1155398C21B30CE7000FA373 /* Products */;
			projectDirPath = "";
			projectRoot = "";
			targets = (
				1155398A21B30CE7000FA373 /* Day1 */,
				118C7F1521B3E7CB00DE8DF4 /* Day2 */,
				78CD3B9421B4FE1F000A7669 /* Day3 */,
				11E6BA1421B7001C00AEDA36 /* Day4 */,
				78CD3BCD21B7B48C000A7669 /* Day5 */,
				11E6BA2C21BB9A3300AEDA36 /* Day8 */,
			);
		};
/* End PBXProject section */

/* Begin PBXSourcesBuildPhase section */
		1155398721B30CE7000FA373 /* Sources */ = {
			isa = PBXSourcesBuildPhase;
			buildActionMask = 2147483647;
			files = (
				118C7F0121B3E6B200DE8DF4 /* UnsafeMutablePointer+File.swift in Sources */,
				118C7F0321B3E6B200DE8DF4 /* Frog.swift in Sources */,
				11E6BA2721BB93BB00AEDA36 /* Frog+ReadNumbers.swift in Sources */,
				118C7F1121B3E7A100DE8DF4 /* main.swift in Sources */,
				118C7F0221B3E6B200DE8DF4 /* String+Newline.swift in Sources */,
			);
			runOnlyForDeploymentPostprocessing = 0;
		};
		118C7F1621B3E7CB00DE8DF4 /* Sources */ = {
			isa = PBXSourcesBuildPhase;
			buildActionMask = 2147483647;
			files = (
				118C7F1721B3E7CB00DE8DF4 /* UnsafeMutablePointer+File.swift in Sources */,
				118C7F1821B3E7CB00DE8DF4 /* main.swift in Sources */,
				11E6BA2821BB93BB00AEDA36 /* Frog+ReadNumbers.swift in Sources */,
				118C7F1921B3E7CB00DE8DF4 /* Frog.swift in Sources */,
				118C7F1B21B3E7CB00DE8DF4 /* String+Newline.swift in Sources */,
			);
			runOnlyForDeploymentPostprocessing = 0;
		};
		11E6BA1521B7001C00AEDA36 /* Sources */ = {
			isa = PBXSourcesBuildPhase;
			buildActionMask = 2147483647;
			files = (
				11E6BA1621B7001C00AEDA36 /* UnsafeMutablePointer+File.swift in Sources */,
				11E6BA2421B7003200AEDA36 /* main.swift in Sources */,
				11E6BA2A21BB93BB00AEDA36 /* Frog+ReadNumbers.swift in Sources */,
				11E6BA1821B7001C00AEDA36 /* Frog.swift in Sources */,
				11E6BA1921B7001C00AEDA36 /* String+Newline.swift in Sources */,
			);
			runOnlyForDeploymentPostprocessing = 0;
		};
		11E6BA2D21BB9A3300AEDA36 /* Sources */ = {
			isa = PBXSourcesBuildPhase;
			buildActionMask = 2147483647;
			files = (
				11E6BA2E21BB9A3300AEDA36 /* UnsafeMutablePointer+File.swift in Sources */,
				11E6BA3D21BB9A5E00AEDA36 /* main.swift in Sources */,
				11E6BA3021BB9A3300AEDA36 /* Frog+ReadNumbers.swift in Sources */,
				11E6BA3121BB9A3300AEDA36 /* Frog.swift in Sources */,
				11E6BA3221BB9A3300AEDA36 /* String+Newline.swift in Sources */,
			);
			runOnlyForDeploymentPostprocessing = 0;
		};
		78CD3B9521B4FE1F000A7669 /* Sources */ = {
			isa = PBXSourcesBuildPhase;
			buildActionMask = 2147483647;
			files = (
				78CD3B9621B4FE1F000A7669 /* UnsafeMutablePointer+File.swift in Sources */,
				78CD3BA321B4FE34000A7669 /* main.swift in Sources */,
				11E6BA2921BB93BB00AEDA36 /* Frog+ReadNumbers.swift in Sources */,
				78CD3B9821B4FE1F000A7669 /* Frog.swift in Sources */,
				78CD3B9921B4FE1F000A7669 /* String+Newline.swift in Sources */,
			);
			runOnlyForDeploymentPostprocessing = 0;
		};
		78CD3BCE21B7B48C000A7669 /* Sources */ = {
			isa = PBXSourcesBuildPhase;
			buildActionMask = 2147483647;
			files = (
				78CD3BCF21B7B48C000A7669 /* UnsafeMutablePointer+File.swift in Sources */,
				78CD3BDD21B7B4AF000A7669 /* main.swift in Sources */,
				11E6BA2B21BB93BB00AEDA36 /* Frog+ReadNumbers.swift in Sources */,
				78CD3BD121B7B48C000A7669 /* Frog.swift in Sources */,
				78CD3BD221B7B48C000A7669 /* String+Newline.swift in Sources */,
			);
			runOnlyForDeploymentPostprocessing = 0;
		};
/* End PBXSourcesBuildPhase section */

/* Begin XCBuildConfiguration section */
		1155399021B30CE7000FA373 /* Debug */ = {
			isa = XCBuildConfiguration;
			buildSettings = {
				ALWAYS_SEARCH_USER_PATHS = NO;
				CLANG_ANALYZER_NONNULL = YES;
				CLANG_ANALYZER_NUMBER_OBJECT_CONVERSION = YES_AGGRESSIVE;
				CLANG_CXX_LANGUAGE_STANDARD = "gnu++14";
				CLANG_CXX_LIBRARY = "libc++";
				CLANG_ENABLE_MODULES = YES;
				CLANG_ENABLE_OBJC_ARC = YES;
				CLANG_ENABLE_OBJC_WEAK = YES;
				CLANG_WARN_BLOCK_CAPTURE_AUTORELEASING = YES;
				CLANG_WARN_BOOL_CONVERSION = YES;
				CLANG_WARN_COMMA = YES;
				CLANG_WARN_CONSTANT_CONVERSION = YES;
				CLANG_WARN_DEPRECATED_OBJC_IMPLEMENTATIONS = YES;
				CLANG_WARN_DIRECT_OBJC_ISA_USAGE = YES_ERROR;
				CLANG_WARN_DOCUMENTATION_COMMENTS = YES;
				CLANG_WARN_EMPTY_BODY = YES;
				CLANG_WARN_ENUM_CONVERSION = YES;
				CLANG_WARN_INFINITE_RECURSION = YES;
				CLANG_WARN_INT_CONVERSION = YES;
				CLANG_WARN_NON_LITERAL_NULL_CONVERSION = YES;
				CLANG_WARN_OBJC_IMPLICIT_RETAIN_SELF = YES;
				CLANG_WARN_OBJC_LITERAL_CONVERSION = YES;
				CLANG_WARN_OBJC_ROOT_CLASS = YES_ERROR;
				CLANG_WARN_RANGE_LOOP_ANALYSIS = YES;
				CLANG_WARN_STRICT_PROTOTYPES = YES;
				CLANG_WARN_SUSPICIOUS_MOVE = YES;
				CLANG_WARN_UNGUARDED_AVAILABILITY = YES_AGGRESSIVE;
				CLANG_WARN_UNREACHABLE_CODE = YES;
				CLANG_WARN__DUPLICATE_METHOD_MATCH = YES;
				CODE_SIGN_IDENTITY = "-";
				COPY_PHASE_STRIP = NO;
				DEBUG_INFORMATION_FORMAT = dwarf;
				ENABLE_STRICT_OBJC_MSGSEND = YES;
				ENABLE_TESTABILITY = YES;
				GCC_C_LANGUAGE_STANDARD = gnu11;
				GCC_DYNAMIC_NO_PIC = NO;
				GCC_NO_COMMON_BLOCKS = YES;
				GCC_OPTIMIZATION_LEVEL = 0;
				GCC_PREPROCESSOR_DEFINITIONS = (
					"DEBUG=1",
					"$(inherited)",
				);
				GCC_WARN_64_TO_32_BIT_CONVERSION = YES;
				GCC_WARN_ABOUT_RETURN_TYPE = YES_ERROR;
				GCC_WARN_UNDECLARED_SELECTOR = YES;
				GCC_WARN_UNINITIALIZED_AUTOS = YES_AGGRESSIVE;
				GCC_WARN_UNUSED_FUNCTION = YES;
				GCC_WARN_UNUSED_VARIABLE = YES;
				MACOSX_DEPLOYMENT_TARGET = 10.14;
				MTL_ENABLE_DEBUG_INFO = INCLUDE_SOURCE;
				MTL_FAST_MATH = YES;
				ONLY_ACTIVE_ARCH = YES;
				SDKROOT = macosx;
				SWIFT_ACTIVE_COMPILATION_CONDITIONS = DEBUG;
				SWIFT_OPTIMIZATION_LEVEL = "-Onone";
			};
			name = Debug;
		};
		1155399121B30CE7000FA373 /* Release */ = {
			isa = XCBuildConfiguration;
			buildSettings = {
				ALWAYS_SEARCH_USER_PATHS = NO;
				CLANG_ANALYZER_NONNULL = YES;
				CLANG_ANALYZER_NUMBER_OBJECT_CONVERSION = YES_AGGRESSIVE;
				CLANG_CXX_LANGUAGE_STANDARD = "gnu++14";
				CLANG_CXX_LIBRARY = "libc++";
				CLANG_ENABLE_MODULES = YES;
				CLANG_ENABLE_OBJC_ARC = YES;
				CLANG_ENABLE_OBJC_WEAK = YES;
				CLANG_WARN_BLOCK_CAPTURE_AUTORELEASING = YES;
				CLANG_WARN_BOOL_CONVERSION = YES;
				CLANG_WARN_COMMA = YES;
				CLANG_WARN_CONSTANT_CONVERSION = YES;
				CLANG_WARN_DEPRECATED_OBJC_IMPLEMENTATIONS = YES;
				CLANG_WARN_DIRECT_OBJC_ISA_USAGE = YES_ERROR;
				CLANG_WARN_DOCUMENTATION_COMMENTS = YES;
				CLANG_WARN_EMPTY_BODY = YES;
				CLANG_WARN_ENUM_CONVERSION = YES;
				CLANG_WARN_INFINITE_RECURSION = YES;
				CLANG_WARN_INT_CONVERSION = YES;
				CLANG_WARN_NON_LITERAL_NULL_CONVERSION = YES;
				CLANG_WARN_OBJC_IMPLICIT_RETAIN_SELF = YES;
				CLANG_WARN_OBJC_LITERAL_CONVERSION = YES;
				CLANG_WARN_OBJC_ROOT_CLASS = YES_ERROR;
				CLANG_WARN_RANGE_LOOP_ANALYSIS = YES;
				CLANG_WARN_STRICT_PROTOTYPES = YES;
				CLANG_WARN_SUSPICIOUS_MOVE = YES;
				CLANG_WARN_UNGUARDED_AVAILABILITY = YES_AGGRESSIVE;
				CLANG_WARN_UNREACHABLE_CODE = YES;
				CLANG_WARN__DUPLICATE_METHOD_MATCH = YES;
				CODE_SIGN_IDENTITY = "-";
				COPY_PHASE_STRIP = NO;
				DEBUG_INFORMATION_FORMAT = "dwarf-with-dsym";
				ENABLE_NS_ASSERTIONS = NO;
				ENABLE_STRICT_OBJC_MSGSEND = YES;
				GCC_C_LANGUAGE_STANDARD = gnu11;
				GCC_NO_COMMON_BLOCKS = YES;
				GCC_WARN_64_TO_32_BIT_CONVERSION = YES;
				GCC_WARN_ABOUT_RETURN_TYPE = YES_ERROR;
				GCC_WARN_UNDECLARED_SELECTOR = YES;
				GCC_WARN_UNINITIALIZED_AUTOS = YES_AGGRESSIVE;
				GCC_WARN_UNUSED_FUNCTION = YES;
				GCC_WARN_UNUSED_VARIABLE = YES;
				MACOSX_DEPLOYMENT_TARGET = 10.14;
				MTL_ENABLE_DEBUG_INFO = NO;
				MTL_FAST_MATH = YES;
				SDKROOT = macosx;
				SWIFT_COMPILATION_MODE = wholemodule;
				SWIFT_OPTIMIZATION_LEVEL = "-O";
			};
			name = Release;
		};
		1155399321B30CE7000FA373 /* Debug */ = {
			isa = XCBuildConfiguration;
			buildSettings = {
				CODE_SIGN_STYLE = Automatic;
				PRODUCT_NAME = "$(TARGET_NAME)";
				SWIFT_VERSION = 4.2;
			};
			name = Debug;
		};
		1155399421B30CE7000FA373 /* Release */ = {
			isa = XCBuildConfiguration;
			buildSettings = {
				CODE_SIGN_STYLE = Automatic;
				PRODUCT_NAME = "$(TARGET_NAME)";
				SWIFT_VERSION = 4.2;
			};
			name = Release;
		};
		118C7F1F21B3E7CB00DE8DF4 /* Debug */ = {
			isa = XCBuildConfiguration;
			buildSettings = {
				CODE_SIGN_STYLE = Automatic;
				PRODUCT_NAME = "$(TARGET_NAME)";
				SWIFT_VERSION = 4.2;
			};
			name = Debug;
		};
		118C7F2021B3E7CB00DE8DF4 /* Release */ = {
			isa = XCBuildConfiguration;
			buildSettings = {
				CODE_SIGN_STYLE = Automatic;
				PRODUCT_NAME = "$(TARGET_NAME)";
				SWIFT_VERSION = 4.2;
			};
			name = Release;
		};
		11E6BA1E21B7001C00AEDA36 /* Debug */ = {
			isa = XCBuildConfiguration;
			buildSettings = {
				CODE_SIGN_STYLE = Automatic;
				PRODUCT_NAME = "$(TARGET_NAME)";
				SWIFT_VERSION = 4.2;
			};
			name = Debug;
		};
		11E6BA1F21B7001C00AEDA36 /* Release */ = {
			isa = XCBuildConfiguration;
			buildSettings = {
				CODE_SIGN_STYLE = Automatic;
				PRODUCT_NAME = "$(TARGET_NAME)";
				SWIFT_VERSION = 4.2;
			};
			name = Release;
		};
		11E6BA3721BB9A3300AEDA36 /* Debug */ = {
			isa = XCBuildConfiguration;
			buildSettings = {
				CODE_SIGN_STYLE = Automatic;
				PRODUCT_NAME = "$(TARGET_NAME)";
				SWIFT_VERSION = 4.2;
			};
			name = Debug;
		};
		11E6BA3821BB9A3300AEDA36 /* Release */ = {
			isa = XCBuildConfiguration;
			buildSettings = {
				CODE_SIGN_STYLE = Automatic;
				PRODUCT_NAME = "$(TARGET_NAME)";
				SWIFT_VERSION = 4.2;
			};
			name = Release;
		};
		78CD3B9E21B4FE1F000A7669 /* Debug */ = {
			isa = XCBuildConfiguration;
			buildSettings = {
				CODE_SIGN_STYLE = Automatic;
				PRODUCT_NAME = "$(TARGET_NAME)";
				SWIFT_VERSION = 4.2;
			};
			name = Debug;
		};
		78CD3B9F21B4FE1F000A7669 /* Release */ = {
			isa = XCBuildConfiguration;
			buildSettings = {
				CODE_SIGN_STYLE = Automatic;
				PRODUCT_NAME = "$(TARGET_NAME)";
				SWIFT_VERSION = 4.2;
			};
			name = Release;
		};
		78CD3BD721B7B48C000A7669 /* Debug */ = {
			isa = XCBuildConfiguration;
			buildSettings = {
				CODE_SIGN_STYLE = Automatic;
				PRODUCT_NAME = "$(TARGET_NAME)";
				SWIFT_VERSION = 4.2;
			};
			name = Debug;
		};
		78CD3BD821B7B48C000A7669 /* Release */ = {
			isa = XCBuildConfiguration;
			buildSettings = {
				CODE_SIGN_STYLE = Automatic;
				PRODUCT_NAME = "$(TARGET_NAME)";
				SWIFT_VERSION = 4.2;
			};
			name = Release;
		};
/* End XCBuildConfiguration section */

/* Begin XCConfigurationList section */
		1155398621B30CE7000FA373 /* Build configuration list for PBXProject "Swift" */ = {
			isa = XCConfigurationList;
			buildConfigurations = (
				1155399021B30CE7000FA373 /* Debug */,
				1155399121B30CE7000FA373 /* Release */,
			);
			defaultConfigurationIsVisible = 0;
			defaultConfigurationName = Release;
		};
		1155399221B30CE7000FA373 /* Build configuration list for PBXNativeTarget "Day1" */ = {
			isa = XCConfigurationList;
			buildConfigurations = (
				1155399321B30CE7000FA373 /* Debug */,
				1155399421B30CE7000FA373 /* Release */,
			);
			defaultConfigurationIsVisible = 0;
			defaultConfigurationName = Release;
		};
		118C7F1E21B3E7CB00DE8DF4 /* Build configuration list for PBXNativeTarget "Day2" */ = {
			isa = XCConfigurationList;
			buildConfigurations = (
				118C7F1F21B3E7CB00DE8DF4 /* Debug */,
				118C7F2021B3E7CB00DE8DF4 /* Release */,
			);
			defaultConfigurationIsVisible = 0;
			defaultConfigurationName = Release;
		};
		11E6BA1D21B7001C00AEDA36 /* Build configuration list for PBXNativeTarget "Day4" */ = {
			isa = XCConfigurationList;
			buildConfigurations = (
				11E6BA1E21B7001C00AEDA36 /* Debug */,
				11E6BA1F21B7001C00AEDA36 /* Release */,
			);
			defaultConfigurationIsVisible = 0;
			defaultConfigurationName = Release;
		};
		11E6BA3621BB9A3300AEDA36 /* Build configuration list for PBXNativeTarget "Day8" */ = {
			isa = XCConfigurationList;
			buildConfigurations = (
				11E6BA3721BB9A3300AEDA36 /* Debug */,
				11E6BA3821BB9A3300AEDA36 /* Release */,
			);
			defaultConfigurationIsVisible = 0;
			defaultConfigurationName = Release;
		};
		78CD3B9D21B4FE1F000A7669 /* Build configuration list for PBXNativeTarget "Day3" */ = {
			isa = XCConfigurationList;
			buildConfigurations = (
				78CD3B9E21B4FE1F000A7669 /* Debug */,
				78CD3B9F21B4FE1F000A7669 /* Release */,
			);
			defaultConfigurationIsVisible = 0;
			defaultConfigurationName = Release;
		};
		78CD3BD621B7B48C000A7669 /* Build configuration list for PBXNativeTarget "Day5" */ = {
			isa = XCConfigurationList;
			buildConfigurations = (
				78CD3BD721B7B48C000A7669 /* Debug */,
				78CD3BD821B7B48C000A7669 /* Release */,
			);
			defaultConfigurationIsVisible = 0;
			defaultConfigurationName = Release;
		};
/* End XCConfigurationList section */
	};
	rootObject = 1155398321B30CE7000FA373 /* Project object */;
}
